// !$*UTF8*$!
{
	archiveVersion = 1;
	classes = {
	};
	objectVersion = 50;
	objects = {

/* Begin PBXBuildFile section */
		3CF8B44B24A9CBA300D6C11C /* AppDelegate.swift in Sources */ = {isa = PBXBuildFile; fileRef = 3CF8B44A24A9CBA300D6C11C /* AppDelegate.swift */; };
		3CF8B44D24A9CBA300D6C11C /* SceneDelegate.swift in Sources */ = {isa = PBXBuildFile; fileRef = 3CF8B44C24A9CBA300D6C11C /* SceneDelegate.swift */; };
		3CF8B44F24A9CBA300D6C11C /* ViewController.swift in Sources */ = {isa = PBXBuildFile; fileRef = 3CF8B44E24A9CBA300D6C11C /* ViewController.swift */; };
		3CF8B45224A9CBA300D6C11C /* Main.storyboard in Resources */ = {isa = PBXBuildFile; fileRef = 3CF8B45024A9CBA300D6C11C /* Main.storyboard */; };
		3CF8B45424A9CBA700D6C11C /* Assets.xcassets in Resources */ = {isa = PBXBuildFile; fileRef = 3CF8B45324A9CBA700D6C11C /* Assets.xcassets */; };
		3CF8B45724A9CBA700D6C11C /* LaunchScreen.storyboard in Resources */ = {isa = PBXBuildFile; fileRef = 3CF8B45524A9CBA700D6C11C /* LaunchScreen.storyboard */; };
/* End PBXBuildFile section */

/* Begin PBXFileReference section */
		3CF8B44724A9CBA300D6C11C /* PinPhoto.app */ = {isa = PBXFileReference; explicitFileType = wrapper.application; includeInIndex = 0; path = PinPhoto.app; sourceTree = BUILT_PRODUCTS_DIR; };
		3CF8B44A24A9CBA300D6C11C /* AppDelegate.swift */ = {isa = PBXFileReference; lastKnownFileType = sourcecode.swift; path = AppDelegate.swift; sourceTree = "<group>"; };
		3CF8B44C24A9CBA300D6C11C /* SceneDelegate.swift */ = {isa = PBXFileReference; lastKnownFileType = sourcecode.swift; path = SceneDelegate.swift; sourceTree = "<group>"; };
		3CF8B44E24A9CBA300D6C11C /* ViewController.swift */ = {isa = PBXFileReference; lastKnownFileType = sourcecode.swift; path = ViewController.swift; sourceTree = "<group>"; };
		3CF8B45124A9CBA300D6C11C /* Base */ = {isa = PBXFileReference; lastKnownFileType = file.storyboard; name = Base; path = Base.lproj/Main.storyboard; sourceTree = "<group>"; };
		3CF8B45324A9CBA700D6C11C /* Assets.xcassets */ = {isa = PBXFileReference; lastKnownFileType = folder.assetcatalog; path = Assets.xcassets; sourceTree = "<group>"; };
		3CF8B45624A9CBA700D6C11C /* Base */ = {isa = PBXFileReference; lastKnownFileType = file.storyboard; name = Base; path = Base.lproj/LaunchScreen.storyboard; sourceTree = "<group>"; };
		3CF8B45824A9CBA700D6C11C /* Info.plist */ = {isa = PBXFileReference; lastKnownFileType = text.plist.xml; path = Info.plist; sourceTree = "<group>"; };
/* End PBXFileReference section */

/* Begin PBXFrameworksBuildPhase section */
		3CF8B44424A9CBA300D6C11C /* Frameworks */ = {
			isa = PBXFrameworksBuildPhase;
			buildActionMask = 2147483647;
			files = (
			);
			runOnlyForDeploymentPostprocessing = 0;
		};
/* End PBXFrameworksBuildPhase section */

/* Begin PBXGroup section */
		3CF8B43E24A9CBA300D6C11C = {
			isa = PBXGroup;
			children = (
				3CF8B44924A9CBA300D6C11C /* PinPhoto */,
				3CF8B44824A9CBA300D6C11C /* Products */,
			);
			sourceTree = "<group>";
		};
		3CF8B44824A9CBA300D6C11C /* Products */ = {
			isa = PBXGroup;
			children = (
				3CF8B44724A9CBA300D6C11C /* PinPhoto.app */,
			);
			name = Products;
			sourceTree = "<group>";
		};
		3CF8B44924A9CBA300D6C11C /* PinPhoto */ = {
			isa = PBXGroup;
			children = (
				3CF8B44A24A9CBA300D6C11C /* AppDelegate.swift */,
				3CF8B44C24A9CBA300D6C11C /* SceneDelegate.swift */,
				3CF8B44E24A9CBA300D6C11C /* ViewController.swift */,
				3CF8B45024A9CBA300D6C11C /* Main.storyboard */,
				3CF8B45324A9CBA700D6C11C /* Assets.xcassets */,
				3CF8B45524A9CBA700D6C11C /* LaunchScreen.storyboard */,
				3CF8B45824A9CBA700D6C11C /* Info.plist */,
			);
			path = PinPhoto;
			sourceTree = "<group>";
		};
/* End PBXGroup section */

/* Begin PBXNativeTarget section */
		3CF8B44624A9CBA300D6C11C /* PinPhoto */ = {
			isa = PBXNativeTarget;
			buildConfigurationList = 3CF8B45B24A9CBA700D6C11C /* Build configuration list for PBXNativeTarget "PinPhoto" */;
			buildPhases = (
				3CF8B44324A9CBA300D6C11C /* Sources */,
				3CF8B44424A9CBA300D6C11C /* Frameworks */,
				3CF8B44524A9CBA300D6C11C /* Resources */,
			);
			buildRules = (
			);
			dependencies = (
			);
			name = PinPhoto;
			productName = PinPhoto;
			productReference = 3CF8B44724A9CBA300D6C11C /* PinPhoto.app */;
			productType = "com.apple.product-type.application";
		};
/* End PBXNativeTarget section */

/* Begin PBXProject section */
		3CF8B43F24A9CBA300D6C11C /* Project object */ = {
			isa = PBXProject;
			attributes = {
				LastSwiftUpdateCheck = 1150;
				LastUpgradeCheck = 1150;
				ORGANIZATIONNAME = "won heo";
				TargetAttributes = {
					3CF8B44624A9CBA300D6C11C = {
						CreatedOnToolsVersion = 11.5;
					};
				};
			};
			buildConfigurationList = 3CF8B44224A9CBA300D6C11C /* Build configuration list for PBXProject "PinPhoto" */;
			compatibilityVersion = "Xcode 9.3";
			developmentRegion = en;
			hasScannedForEncodings = 0;
			knownRegions = (
				en,
				Base,
			);
			mainGroup = 3CF8B43E24A9CBA300D6C11C;
			productRefGroup = 3CF8B44824A9CBA300D6C11C /* Products */;
			projectDirPath = "";
			projectRoot = "";
			targets = (
				3CF8B44624A9CBA300D6C11C /* PinPhoto */,
			);
		};
/* End PBXProject section */

/* Begin PBXResourcesBuildPhase section */
		3CF8B44524A9CBA300D6C11C /* Resources */ = {
			isa = PBXResourcesBuildPhase;
			buildActionMask = 2147483647;
			files = (
				3CF8B45724A9CBA700D6C11C /* LaunchScreen.storyboard in Resources */,
				3CF8B45424A9CBA700D6C11C /* Assets.xcassets in Resources */,
				3CF8B45224A9CBA300D6C11C /* Main.storyboard in Resources */,
			);
			runOnlyForDeploymentPostprocessing = 0;
		};
/* End PBXResourcesBuildPhase section */

/* Begin PBXSourcesBuildPhase section */
		3CF8B44324A9CBA300D6C11C /* Sources */ = {
			isa = PBXSourcesBuildPhase;
			buildActionMask = 2147483647;
			files = (
				3CF8B44F24A9CBA300D6C11C /* ViewController.swift in Sources */,
				3CF8B44B24A9CBA300D6C11C /* AppDelegate.swift in Sources */,
				3CF8B44D24A9CBA300D6C11C /* SceneDelegate.swift in Sources */,
			);
			runOnlyForDeploymentPostprocessing = 0;
		};
/* End PBXSourcesBuildPhase section */

/* Begin PBXVariantGroup section */
		3CF8B45024A9CBA300D6C11C /* Main.storyboard */ = {
			isa = PBXVariantGroup;
			children = (
				3CF8B45124A9CBA300D6C11C /* Base */,
			);
			name = Main.storyboard;
			sourceTree = "<group>";
		};
		3CF8B45524A9CBA700D6C11C /* LaunchScreen.storyboard */ = {
			isa = PBXVariantGroup;
			children = (
				3CF8B45624A9CBA700D6C11C /* Base */,
			);
			name = LaunchScreen.storyboard;
			sourceTree = "<group>";
		};
/* End PBXVariantGroup section */

/* Begin XCBuildConfiguration section */
		3CF8B45924A9CBA700D6C11C /* Debug */ = {
			isa = XCBuildConfiguration;
			buildSettings = {
				ALWAYS_SEARCH_USER_PATHS = NO;
				CLANG_ANALYZER_NONNULL = YES;
				CLANG_ANALYZER_NUMBER_OBJECT_CONVERSION = YES_AGGRESSIVE;
				CLANG_CXX_LANGUAGE_STANDARD = "gnu++14";
				CLANG_CXX_LIBRARY = "libc++";
				CLANG_ENABLE_MODULES = YES;
				CLANG_ENABLE_OBJC_ARC = YES;
				CLANG_ENABLE_OBJC_WEAK = YES;
				CLANG_WARN_BLOCK_CAPTURE_AUTORELEASING = YES;
				CLANG_WARN_BOOL_CONVERSION = YES;
				CLANG_WARN_COMMA = YES;
				CLANG_WARN_CONSTANT_CONVERSION = YES;
				CLANG_WARN_DEPRECATED_OBJC_IMPLEMENTATIONS = YES;
				CLANG_WARN_DIRECT_OBJC_ISA_USAGE = YES_ERROR;
				CLANG_WARN_DOCUMENTATION_COMMENTS = YES;
				CLANG_WARN_EMPTY_BODY = YES;
				CLANG_WARN_ENUM_CONVERSION = YES;
				CLANG_WARN_INFINITE_RECURSION = YES;
				CLANG_WARN_INT_CONVERSION = YES;
				CLANG_WARN_NON_LITERAL_NULL_CONVERSION = YES;
				CLANG_WARN_OBJC_IMPLICIT_RETAIN_SELF = YES;
				CLANG_WARN_OBJC_LITERAL_CONVERSION = YES;
				CLANG_WARN_OBJC_ROOT_CLASS = YES_ERROR;
				CLANG_WARN_RANGE_LOOP_ANALYSIS = YES;
				CLANG_WARN_STRICT_PROTOTYPES = YES;
				CLANG_WARN_SUSPICIOUS_MOVE = YES;
				CLANG_WARN_UNGUARDED_AVAILABILITY = YES_AGGRESSIVE;
				CLANG_WARN_UNREACHABLE_CODE = YES;
				CLANG_WARN__DUPLICATE_METHOD_MATCH = YES;
				COPY_PHASE_STRIP = NO;
				DEBUG_INFORMATION_FORMAT = dwarf;
				ENABLE_STRICT_OBJC_MSGSEND = YES;
				ENABLE_TESTABILITY = YES;
				GCC_C_LANGUAGE_STANDARD = gnu11;
				GCC_DYNAMIC_NO_PIC = NO;
				GCC_NO_COMMON_BLOCKS = YES;
				GCC_OPTIMIZATION_LEVEL = 0;
				GCC_PREPROCESSOR_DEFINITIONS = (
					"DEBUG=1",
					"$(inherited)",
				);
				GCC_WARN_64_TO_32_BIT_CONVERSION = YES;
				GCC_WARN_ABOUT_RETURN_TYPE = YES_ERROR;
				GCC_WARN_UNDECLARED_SELECTOR = YES;
				GCC_WARN_UNINITIALIZED_AUTOS = YES_AGGRESSIVE;
				GCC_WARN_UNUSED_FUNCTION = YES;
				GCC_WARN_UNUSED_VARIABLE = YES;
				IPHONEOS_DEPLOYMENT_TARGET = 13.5;
				MTL_ENABLE_DEBUG_INFO = INCLUDE_SOURCE;
				MTL_FAST_MATH = YES;
				ONLY_ACTIVE_ARCH = YES;
				SDKROOT = iphoneos;
				SWIFT_ACTIVE_COMPILATION_CONDITIONS = DEBUG;
				SWIFT_OPTIMIZATION_LEVEL = "-Onone";
			};
			name = Debug;
		};
		3CF8B45A24A9CBA700D6C11C /* Release */ = {
			isa = XCBuildConfiguration;
			buildSettings = {
				ALWAYS_SEARCH_USER_PATHS = NO;
				CLANG_ANALYZER_NONNULL = YES;
				CLANG_ANALYZER_NUMBER_OBJECT_CONVERSION = YES_AGGRESSIVE;
				CLANG_CXX_LANGUAGE_STANDARD = "gnu++14";
				CLANG_CXX_LIBRARY = "libc++";
				CLANG_ENABLE_MODULES = YES;
				CLANG_ENABLE_OBJC_ARC = YES;
				CLANG_ENABLE_OBJC_WEAK = YES;
				CLANG_WARN_BLOCK_CAPTURE_AUTORELEASING = YES;
				CLANG_WARN_BOOL_CONVERSION = YES;
				CLANG_WARN_COMMA = YES;
				CLANG_WARN_CONSTANT_CONVERSION = YES;
				CLANG_WARN_DEPRECATED_OBJC_IMPLEMENTATIONS = YES;
				CLANG_WARN_DIRECT_OBJC_ISA_USAGE = YES_ERROR;
				CLANG_WARN_DOCUMENTATION_COMMENTS = YES;
				CLANG_WARN_EMPTY_BODY = YES;
				CLANG_WARN_ENUM_CONVERSION = YES;
				CLANG_WARN_INFINITE_RECURSION = YES;
				CLANG_WARN_INT_CONVERSION = YES;
				CLANG_WARN_NON_LITERAL_NULL_CONVERSION = YES;
				CLANG_WARN_OBJC_IMPLICIT_RETAIN_SELF = YES;
				CLANG_WARN_OBJC_LITERAL_CONVERSION = YES;
				CLANG_WARN_OBJC_ROOT_CLASS = YES_ERROR;
				CLANG_WARN_RANGE_LOOP_ANALYSIS = YES;
				CLANG_WARN_STRICT_PROTOTYPES = YES;
				CLANG_WARN_SUSPICIOUS_MOVE = YES;
				CLANG_WARN_UNGUARDED_AVAILABILITY = YES_AGGRESSIVE;
				CLANG_WARN_UNREACHABLE_CODE = YES;
				CLANG_WARN__DUPLICATE_METHOD_MATCH = YES;
				COPY_PHASE_STRIP = NO;
				DEBUG_INFORMATION_FORMAT = "dwarf-with-dsym";
				ENABLE_NS_ASSERTIONS = NO;
				ENABLE_STRICT_OBJC_MSGSEND = YES;
				GCC_C_LANGUAGE_STANDARD = gnu11;
				GCC_NO_COMMON_BLOCKS = YES;
				GCC_WARN_64_TO_32_BIT_CONVERSION = YES;
				GCC_WARN_ABOUT_RETURN_TYPE = YES_ERROR;
				GCC_WARN_UNDECLARED_SELECTOR = YES;
				GCC_WARN_UNINITIALIZED_AUTOS = YES_AGGRESSIVE;
				GCC_WARN_UNUSED_FUNCTION = YES;
				GCC_WARN_UNUSED_VARIABLE = YES;
				IPHONEOS_DEPLOYMENT_TARGET = 13.5;
				MTL_ENABLE_DEBUG_INFO = NO;
				MTL_FAST_MATH = YES;
				SDKROOT = iphoneos;
				SWIFT_COMPILATION_MODE = wholemodule;
				SWIFT_OPTIMIZATION_LEVEL = "-O";
				VALIDATE_PRODUCT = YES;
			};
			name = Release;
		};
		3CF8B45C24A9CBA700D6C11C /* Debug */ = {
			isa = XCBuildConfiguration;
			buildSettings = {
				ASSETCATALOG_COMPILER_APPICON_NAME = AppIcon;
				CODE_SIGN_STYLE = Automatic;
				DEVELOPMENT_TEAM = HK54HM2TC6;
				INFOPLIST_FILE = PinPhoto/Info.plist;
				LD_RUNPATH_SEARCH_PATHS = (
					"$(inherited)",
					"@executable_path/Frameworks",
				);
				PRODUCT_BUNDLE_IDENTIFIER = com.wonheo.PinPhoto;
				PRODUCT_NAME = "$(TARGET_NAME)";
				SWIFT_VERSION = 5.0;
				TARGETED_DEVICE_FAMILY = "1,2";
			};
			name = Debug;
		};
		3CF8B45D24A9CBA700D6C11C /* Release */ = {
			isa = XCBuildConfiguration;
			buildSettings = {
				ASSETCATALOG_COMPILER_APPICON_NAME = AppIcon;
				CODE_SIGN_STYLE = Automatic;
				DEVELOPMENT_TEAM = HK54HM2TC6;
				INFOPLIST_FILE = PinPhoto/Info.plist;
				LD_RUNPATH_SEARCH_PATHS = (
					"$(inherited)",
					"@executable_path/Frameworks",
				);
				PRODUCT_BUNDLE_IDENTIFIER = com.wonheo.PinPhoto;
				PRODUCT_NAME = "$(TARGET_NAME)";
				SWIFT_VERSION = 5.0;
				TARGETED_DEVICE_FAMILY = "1,2";
			};
			name = Release;
		};
/* End XCBuildConfiguration section */

/* Begin XCConfigurationList section */
		3CF8B44224A9CBA300D6C11C /* Build configuration list for PBXProject "PinPhoto" */ = {
			isa = XCConfigurationList;
			buildConfigurations = (
				3CF8B45924A9CBA700D6C11C /* Debug */,
				3CF8B45A24A9CBA700D6C11C /* Release */,
			);
			defaultConfigurationIsVisible = 0;
			defaultConfigurationName = Release;
		};
		3CF8B45B24A9CBA700D6C11C /* Build configuration list for PBXNativeTarget "PinPhoto" */ = {
			isa = XCConfigurationList;
			buildConfigurations = (
				3CF8B45C24A9CBA700D6C11C /* Debug */,
				3CF8B45D24A9CBA700D6C11C /* Release */,
			);
			defaultConfigurationIsVisible = 0;
			defaultConfigurationName = Release;
		};
/* End XCConfigurationList section */
	};
	rootObject = 3CF8B43F24A9CBA300D6C11C /* Project object */;
}
