// !$*UTF8*$!
{
	archiveVersion = 1;
	classes = {
	};
	objectVersion = 51;
	objects = {

/* Begin PBXBuildFile section */
		3C070A9024D26F670077C3AE /* ExtensionItemCell.swift in Sources */ = {isa = PBXBuildFile; fileRef = 3C070A8F24D26F670077C3AE /* ExtensionItemCell.swift */; };
		3C070A9524D3A4CA0077C3AE /* EditTextItemViewController.swift in Sources */ = {isa = PBXBuildFile; fileRef = 3C070A9424D3A4CA0077C3AE /* EditTextItemViewController.swift */; };
		3C070A9724D3BAB30077C3AE /* EditImageItemViewController.swift in Sources */ = {isa = PBXBuildFile; fileRef = 3C070A9624D3BAB30077C3AE /* EditImageItemViewController.swift */; };
		3C070A9824D3E3E90077C3AE /* Assets.xcassets in Resources */ = {isa = PBXBuildFile; fileRef = 3CF8B45324A9CBA700D6C11C /* Assets.xcassets */; };
		3C070AA324D419600077C3AE /* ItemObserver.swift in Sources */ = {isa = PBXBuildFile; fileRef = 3C070AA224D419600077C3AE /* ItemObserver.swift */; };
		3C0C004A24EA4F1A00BF137B /* Manual.storyboard in Resources */ = {isa = PBXBuildFile; fileRef = 3C0C004924EA4F1A00BF137B /* Manual.storyboard */; };
		3C0C004C24EA4F4500BF137B /* CreateTextItem.storyboard in Resources */ = {isa = PBXBuildFile; fileRef = 3C0C004B24EA4F4500BF137B /* CreateTextItem.storyboard */; };
		3C0C004E24EA4FED00BF137B /* EditImageItem.storyboard in Resources */ = {isa = PBXBuildFile; fileRef = 3C0C004D24EA4FED00BF137B /* EditImageItem.storyboard */; };
		3C0C005024EA50D200BF137B /* EditTextItem.storyboard in Resources */ = {isa = PBXBuildFile; fileRef = 3C0C004F24EA50D200BF137B /* EditTextItem.storyboard */; };
		3C0C005224EA581900BF137B /* ClassNameToString.swift in Sources */ = {isa = PBXBuildFile; fileRef = 3C0C005124EA581900BF137B /* ClassNameToString.swift */; };
		3C21CC0724BEDC10004BEAF0 /* CreateTextItemViewController.swift in Sources */ = {isa = PBXBuildFile; fileRef = 3C21CC0624BEDC10004BEAF0 /* CreateTextItemViewController.swift */; };
		3C23693225036ADF0064637A /* HomeViewController.swift in Sources */ = {isa = PBXBuildFile; fileRef = 3C23693125036ADF0064637A /* HomeViewController.swift */; };
		3C25284E24EFD2C4002ADBDC /* HomeNavigationController.swift in Sources */ = {isa = PBXBuildFile; fileRef = 3C25284D24EFD2C4002ADBDC /* HomeNavigationController.swift */; };
		3C33F24B2549AF3F009406CF /* InfoPlist.strings in Resources */ = {isa = PBXBuildFile; fileRef = 3C33F24D2549AF3F009406CF /* InfoPlist.strings */; };
		3C33F290254A5C5B009406CF /* DateExtension.swift in Sources */ = {isa = PBXBuildFile; fileRef = 3C33F28F254A5C5B009406CF /* DateExtension.swift */; };
		3C38CB052500E06C007B6283 /* Group.swift in Sources */ = {isa = PBXBuildFile; fileRef = 3C38CB042500E06C007B6283 /* Group.swift */; };
		3C38CB082500E17D007B6283 /* GroupDataManager.swift in Sources */ = {isa = PBXBuildFile; fileRef = 3C38CB072500E17D007B6283 /* GroupDataManager.swift */; };
		3C38CB0A2500E4A4007B6283 /* GroupViewModel.swift in Sources */ = {isa = PBXBuildFile; fileRef = 3C38CB092500E4A4007B6283 /* GroupViewModel.swift */; };
		3C3ACC9024BB558B00311F7A /* Item.xcdatamodeld in Sources */ = {isa = PBXBuildFile; fileRef = 3C3ACC8E24BB558B00311F7A /* Item.xcdatamodeld */; };
		3C3ACC9624BB5BD600311F7A /* CoreDataManager.swift in Sources */ = {isa = PBXBuildFile; fileRef = 3C3ACC9524BB5BD600311F7A /* CoreDataManager.swift */; };
		3C3ACC9924BB5C2100311F7A /* Item+CoreDataClass.swift in Sources */ = {isa = PBXBuildFile; fileRef = 3C3ACC9724BB5C2100311F7A /* Item+CoreDataClass.swift */; };
		3C3ACC9A24BB5C2100311F7A /* Item+CoreDataProperties.swift in Sources */ = {isa = PBXBuildFile; fileRef = 3C3ACC9824BB5C2100311F7A /* Item+CoreDataProperties.swift */; };
		3C42651F24FD1BA000FA4F03 /* CoreDataManager.swift in Sources */ = {isa = PBXBuildFile; fileRef = 3C3ACC9524BB5BD600311F7A /* CoreDataManager.swift */; };
		3C42652024FD1BA700FA4F03 /* Item+CoreDataProperties.swift in Sources */ = {isa = PBXBuildFile; fileRef = 3C3ACC9824BB5C2100311F7A /* Item+CoreDataProperties.swift */; };
		3C42652124FD1BAA00FA4F03 /* Item+CoreDataClass.swift in Sources */ = {isa = PBXBuildFile; fileRef = 3C3ACC9724BB5C2100311F7A /* Item+CoreDataClass.swift */; };
		3C42652224FD1BBA00FA4F03 /* ItemObserver.swift in Sources */ = {isa = PBXBuildFile; fileRef = 3C070AA224D419600077C3AE /* ItemObserver.swift */; };
		3C42652324FD1BCE00FA4F03 /* ClassNameToString.swift in Sources */ = {isa = PBXBuildFile; fileRef = 3C0C005124EA581900BF137B /* ClassNameToString.swift */; };
		3C42652524FD1D4800FA4F03 /* URLextension.swift in Sources */ = {isa = PBXBuildFile; fileRef = 3CEB644D24CF109A004D8C3C /* URLextension.swift */; };
		3C42652624FD1EC800FA4F03 /* ItemViewModel.swift in Sources */ = {isa = PBXBuildFile; fileRef = 3CF52DF824BF0D6400E7B8D4 /* ItemViewModel.swift */; };
		3C4C579225186F7800B28A01 /* Assets.xcassets in Resources */ = {isa = PBXBuildFile; fileRef = 3CF8B45324A9CBA700D6C11C /* Assets.xcassets */; };
		3C4C5796251ADB4200B28A01 /* ItemCopy.swift in Sources */ = {isa = PBXBuildFile; fileRef = 3C5BC0D5251257DB00A74F4E /* ItemCopy.swift */; };
		3C4C5797251ADB4200B28A01 /* SelectionType.swift in Sources */ = {isa = PBXBuildFile; fileRef = 3CC7888825110A7B00C5C42B /* SelectionType.swift */; };
		3C4C5798251ADB4200B28A01 /* CoreDataType.swift in Sources */ = {isa = PBXBuildFile; fileRef = 3C76EEFA250C951E003B298D /* CoreDataType.swift */; };
		3C4C5799251ADB4200B28A01 /* Item+CoreDataProperties.swift in Sources */ = {isa = PBXBuildFile; fileRef = 3C3ACC9824BB5C2100311F7A /* Item+CoreDataProperties.swift */; };
		3C4C579B251ADB4200B28A01 /* GroupDataManager.swift in Sources */ = {isa = PBXBuildFile; fileRef = 3C38CB072500E17D007B6283 /* GroupDataManager.swift */; };
		3C4C579C251ADB4200B28A01 /* Item+CoreDataClass.swift in Sources */ = {isa = PBXBuildFile; fileRef = 3C3ACC9724BB5C2100311F7A /* Item+CoreDataClass.swift */; };
		3C4C579D251ADB4200B28A01 /* Group.swift in Sources */ = {isa = PBXBuildFile; fileRef = 3C38CB042500E06C007B6283 /* Group.swift */; };
		3C4C579E251ADB4200B28A01 /* ItemType.swift in Sources */ = {isa = PBXBuildFile; fileRef = 3C76EEF0250C8E1E003B298D /* ItemType.swift */; };
		3C4C57A2251ADBC900B28A01 /* ItemViewModel.swift in Sources */ = {isa = PBXBuildFile; fileRef = 3CF52DF824BF0D6400E7B8D4 /* ItemViewModel.swift */; };
		3C4C57A3251ADBC900B28A01 /* GroupViewModel.swift in Sources */ = {isa = PBXBuildFile; fileRef = 3C38CB092500E4A4007B6283 /* GroupViewModel.swift */; };
		3C4C57A4251ADBC900B28A01 /* WidgetViewModel.swift in Sources */ = {isa = PBXBuildFile; fileRef = 3CF07B9324FE387E006D48CE /* WidgetViewModel.swift */; };
		3C4C57B0251ADBD400B28A01 /* SelectionType.swift in Sources */ = {isa = PBXBuildFile; fileRef = 3CC7888825110A7B00C5C42B /* SelectionType.swift */; };
		3C4C57B4251ADC1600B28A01 /* Item.xcdatamodeld in Sources */ = {isa = PBXBuildFile; fileRef = 3C3ACC8E24BB558B00311F7A /* Item.xcdatamodeld */; };
		3C4C57CA251ADD9700B28A01 /* URLextension.swift in Sources */ = {isa = PBXBuildFile; fileRef = 3CEB644D24CF109A004D8C3C /* URLextension.swift */; };
		3C4C57CE251ADD9A00B28A01 /* UIColorExtension.swift in Sources */ = {isa = PBXBuildFile; fileRef = 3CD247BA25023973006F8757 /* UIColorExtension.swift */; };
		3C4C57CF251ADD9A00B28A01 /* ConvertImageToData.swift in Sources */ = {isa = PBXBuildFile; fileRef = 3C585BCE24FD33A600203C18 /* ConvertImageToData.swift */; };
		3C4C57D0251ADD9A00B28A01 /* ClassNameToString.swift in Sources */ = {isa = PBXBuildFile; fileRef = 3C0C005124EA581900BF137B /* ClassNameToString.swift */; };
		3C4C57D1251ADD9B00B28A01 /* UIColorExtension.swift in Sources */ = {isa = PBXBuildFile; fileRef = 3CD247BA25023973006F8757 /* UIColorExtension.swift */; };
		3C4C57D5251ADDAC00B28A01 /* ItemObserver.swift in Sources */ = {isa = PBXBuildFile; fileRef = 3C070AA224D419600077C3AE /* ItemObserver.swift */; };
		3C4C57E5251ADDFA00B28A01 /* AppDelegate.swift in Sources */ = {isa = PBXBuildFile; fileRef = 3CF8B44A24A9CBA300D6C11C /* AppDelegate.swift */; };
		3C4C57FA251ADE9600B28A01 /* CoreDataManager.swift in Sources */ = {isa = PBXBuildFile; fileRef = 3C3ACC9524BB5BD600311F7A /* CoreDataManager.swift */; };
		3C4D13A024AB716B009BDCDE /* HomeDetailViewController.swift in Sources */ = {isa = PBXBuildFile; fileRef = 3C4D139F24AB716B009BDCDE /* HomeDetailViewController.swift */; };
		3C585BCF24FD33A600203C18 /* ConvertImageToData.swift in Sources */ = {isa = PBXBuildFile; fileRef = 3C585BCE24FD33A600203C18 /* ConvertImageToData.swift */; };
		3C585BD024FD33A600203C18 /* ConvertImageToData.swift in Sources */ = {isa = PBXBuildFile; fileRef = 3C585BCE24FD33A600203C18 /* ConvertImageToData.swift */; };
		3C5BC0D6251257DB00A74F4E /* ItemCopy.swift in Sources */ = {isa = PBXBuildFile; fileRef = 3C5BC0D5251257DB00A74F4E /* ItemCopy.swift */; };
		3C5BC0D72513743A00A74F4E /* ItemCopy.swift in Sources */ = {isa = PBXBuildFile; fileRef = 3C5BC0D5251257DB00A74F4E /* ItemCopy.swift */; };
		3C76EEF1250C8E1E003B298D /* ItemType.swift in Sources */ = {isa = PBXBuildFile; fileRef = 3C76EEF0250C8E1E003B298D /* ItemType.swift */; };
		3C76EEFB250C951E003B298D /* CoreDataType.swift in Sources */ = {isa = PBXBuildFile; fileRef = 3C76EEFA250C951E003B298D /* CoreDataType.swift */; };
		3C76EEFC250C964F003B298D /* CoreDataType.swift in Sources */ = {isa = PBXBuildFile; fileRef = 3C76EEFA250C951E003B298D /* CoreDataType.swift */; };
		3C8AA01024B05D32005EB75C /* SettingViewController.swift in Sources */ = {isa = PBXBuildFile; fileRef = 3C8AA00F24B05D32005EB75C /* SettingViewController.swift */; };
		3C8C6C6024EA368400689329 /* Home.storyboard in Resources */ = {isa = PBXBuildFile; fileRef = 3C8C6C5F24EA368400689329 /* Home.storyboard */; };
		3C9D666224ECB51C00021E48 /* SettingWidget.storyboard in Resources */ = {isa = PBXBuildFile; fileRef = 3C9D666124ECB51C00021E48 /* SettingWidget.storyboard */; };
		3C9D666424ECD0B900021E48 /* SettingWidgetViewController.swift in Sources */ = {isa = PBXBuildFile; fileRef = 3C9D666324ECD0B900021E48 /* SettingWidgetViewController.swift */; };
		3CAA167E24BC211200635F6D /* ItemCustomCell.swift in Sources */ = {isa = PBXBuildFile; fileRef = 3CAA167D24BC211200635F6D /* ItemCustomCell.swift */; };
		3CAC4C3225468A8400ACE418 /* Localizable.strings in Resources */ = {isa = PBXBuildFile; fileRef = 3CAC4C3625468A8400ACE418 /* Localizable.strings */; };
		3CAC4C3325468A8400ACE418 /* Localizable.strings in Resources */ = {isa = PBXBuildFile; fileRef = 3CAC4C3625468A8400ACE418 /* Localizable.strings */; };
		3CAC4C3425468A8400ACE418 /* Localizable.strings in Resources */ = {isa = PBXBuildFile; fileRef = 3CAC4C3625468A8400ACE418 /* Localizable.strings */; };
		3CAC4C4025468E0900ACE418 /* LocalizedExtension.swift in Sources */ = {isa = PBXBuildFile; fileRef = 3CAC4C3F25468E0900ACE418 /* LocalizedExtension.swift */; };
		3CAC4C4125468E0900ACE418 /* LocalizedExtension.swift in Sources */ = {isa = PBXBuildFile; fileRef = 3CAC4C3F25468E0900ACE418 /* LocalizedExtension.swift */; };
		3CAC4C4225468E0900ACE418 /* LocalizedExtension.swift in Sources */ = {isa = PBXBuildFile; fileRef = 3CAC4C3F25468E0900ACE418 /* LocalizedExtension.swift */; };
		3CAC4CA725486B6F00ACE418 /* Search.storyboard in Resources */ = {isa = PBXBuildFile; fileRef = 3CAC4CA925486B6F00ACE418 /* Search.storyboard */; };
		3CAC4CB925486C3200ACE418 /* Group.storyboard in Resources */ = {isa = PBXBuildFile; fileRef = 3CAC4CBB25486C3200ACE418 /* Group.storyboard */; };
		3CAC4CC825486E6E00ACE418 /* Setting.storyboard in Resources */ = {isa = PBXBuildFile; fileRef = 3CAC4CCA25486E6E00ACE418 /* Setting.storyboard */; };
		3CB8E0A124F1436D00FEE93C /* SettingWidgetSliderCell.swift in Sources */ = {isa = PBXBuildFile; fileRef = 3CB8E0A024F1436D00FEE93C /* SettingWidgetSliderCell.swift */; };
		3CB8E0A324F1482600FEE93C /* SettingWidgetSwitchCell.swift in Sources */ = {isa = PBXBuildFile; fileRef = 3CB8E0A224F1482600FEE93C /* SettingWidgetSwitchCell.swift */; };
		3CC13F5024D0259100726E51 /* Assets.xcassets in Resources */ = {isa = PBXBuildFile; fileRef = 3CF8B45324A9CBA700D6C11C /* Assets.xcassets */; };
		3CC7888925110A7B00C5C42B /* SelectionType.swift in Sources */ = {isa = PBXBuildFile; fileRef = 3CC7888825110A7B00C5C42B /* SelectionType.swift */; };
		3CC81261251B45B6009D8580 /* WidgetKit.framework in Frameworks */ = {isa = PBXBuildFile; fileRef = 3CDBF2E125186DBF00F84F66 /* WidgetKit.framework */; settings = {ATTRIBUTES = (Weak, ); }; };
		3CCA19642508981F00F9CCEB /* HomeHeaderViewCell.swift in Sources */ = {isa = PBXBuildFile; fileRef = 3CCA19622508981F00F9CCEB /* HomeHeaderViewCell.swift */; };
		3CCA19652508981F00F9CCEB /* HomeHeaderViewCell.xib in Resources */ = {isa = PBXBuildFile; fileRef = 3CCA19632508981F00F9CCEB /* HomeHeaderViewCell.xib */; };
		3CCA19682508BD9700F9CCEB /* HomeSectionReusableView.swift in Sources */ = {isa = PBXBuildFile; fileRef = 3CCA19662508BD9700F9CCEB /* HomeSectionReusableView.swift */; };
		3CCA19692508BD9700F9CCEB /* HomeSectionReusableView.xib in Resources */ = {isa = PBXBuildFile; fileRef = 3CCA19672508BD9700F9CCEB /* HomeSectionReusableView.xib */; };
		3CCA196D2508DBC300F9CCEB /* HomeGroupViewCell.swift in Sources */ = {isa = PBXBuildFile; fileRef = 3CCA196B2508DBC300F9CCEB /* HomeGroupViewCell.swift */; };
		3CCA196E2508DBC300F9CCEB /* HomeGroupViewCell.xib in Resources */ = {isa = PBXBuildFile; fileRef = 3CCA196C2508DBC300F9CCEB /* HomeGroupViewCell.xib */; };
		3CCA560224D6853F00F32671 /* ManualViewController.swift in Sources */ = {isa = PBXBuildFile; fileRef = 3CCA560124D6853F00F32671 /* ManualViewController.swift */; };
		3CCA560424D697EE00F32671 /* ManualCustomCell.swift in Sources */ = {isa = PBXBuildFile; fileRef = 3CCA560324D697EE00F32671 /* ManualCustomCell.swift */; };
		3CD247B925023434006F8757 /* SelectGroup.storyboard in Resources */ = {isa = PBXBuildFile; fileRef = 3CD247B825023434006F8757 /* SelectGroup.storyboard */; };
		3CD247BB25023973006F8757 /* UIColorExtension.swift in Sources */ = {isa = PBXBuildFile; fileRef = 3CD247BA25023973006F8757 /* UIColorExtension.swift */; };
		3CD4D52F2502064B002F1B7C /* SearchViewController.swift in Sources */ = {isa = PBXBuildFile; fileRef = 3CD4D52E2502064B002F1B7C /* SearchViewController.swift */; };
		3CD4D53325020AB8002F1B7C /* SelectGroupViewController.swift in Sources */ = {isa = PBXBuildFile; fileRef = 3CD4D53225020AB8002F1B7C /* SelectGroupViewController.swift */; };
		3CDBF2E225186DBF00F84F66 /* WidgetKit.framework in Frameworks */ = {isa = PBXBuildFile; fileRef = 3CDBF2E125186DBF00F84F66 /* WidgetKit.framework */; settings = {ATTRIBUTES = (Required, ); }; };
		3CDBF2E425186DBF00F84F66 /* SwiftUI.framework in Frameworks */ = {isa = PBXBuildFile; fileRef = 3CDBF2E325186DBF00F84F66 /* SwiftUI.framework */; settings = {ATTRIBUTES = (Required, ); }; };
		3CDBF2E725186DBF00F84F66 /* PinPhotoWidget.swift in Sources */ = {isa = PBXBuildFile; fileRef = 3CDBF2E625186DBF00F84F66 /* PinPhotoWidget.swift */; };
		3CDBF2EA25186DC100F84F66 /* Assets.xcassets in Resources */ = {isa = PBXBuildFile; fileRef = 3CDBF2E925186DC100F84F66 /* Assets.xcassets */; };
		3CDBF2EC25186DC100F84F66 /* PinPhotoWidget.intentdefinition in Sources */ = {isa = PBXBuildFile; fileRef = 3CDBF2E825186DBF00F84F66 /* PinPhotoWidget.intentdefinition */; };
		3CDBF2F025186DC100F84F66 /* PinPhotoWidgetExtension.appex in Embed App Extensions */ = {isa = PBXBuildFile; fileRef = 3CDBF2E025186DBF00F84F66 /* PinPhotoWidgetExtension.appex */; settings = {ATTRIBUTES = (RemoveHeadersOnCopy, ); }; };
		3CEB643B24CEC742004D8C3C /* NotificationCenter.framework in Frameworks */ = {isa = PBXBuildFile; fileRef = 3CEB643A24CEC742004D8C3C /* NotificationCenter.framework */; };
		3CEB643E24CEC742004D8C3C /* TodayViewController.swift in Sources */ = {isa = PBXBuildFile; fileRef = 3CEB643D24CEC742004D8C3C /* TodayViewController.swift */; };
		3CEB644124CEC742004D8C3C /* MainInterface.storyboard in Resources */ = {isa = PBXBuildFile; fileRef = 3CEB643F24CEC742004D8C3C /* MainInterface.storyboard */; };
		3CEB644524CEC742004D8C3C /* PinPhotoExtension.appex in Embed App Extensions */ = {isa = PBXBuildFile; fileRef = 3CEB643924CEC742004D8C3C /* PinPhotoExtension.appex */; settings = {ATTRIBUTES = (RemoveHeadersOnCopy, ); }; };
		3CEB644C24CF01B5004D8C3C /* Item.xcdatamodeld in Sources */ = {isa = PBXBuildFile; fileRef = 3C3ACC8E24BB558B00311F7A /* Item.xcdatamodeld */; };
		3CEB644E24CF109A004D8C3C /* URLextension.swift in Sources */ = {isa = PBXBuildFile; fileRef = 3CEB644D24CF109A004D8C3C /* URLextension.swift */; };
		3CF07B9424FE387E006D48CE /* WidgetViewModel.swift in Sources */ = {isa = PBXBuildFile; fileRef = 3CF07B9324FE387E006D48CE /* WidgetViewModel.swift */; };
		3CF07B9524FE387E006D48CE /* WidgetViewModel.swift in Sources */ = {isa = PBXBuildFile; fileRef = 3CF07B9324FE387E006D48CE /* WidgetViewModel.swift */; };
		3CF07B9A24FE4B67006D48CE /* GroupViewController.swift in Sources */ = {isa = PBXBuildFile; fileRef = 3CF07B9924FE4B67006D48CE /* GroupViewController.swift */; };
		3CF52DF924BF0D6400E7B8D4 /* ItemViewModel.swift in Sources */ = {isa = PBXBuildFile; fileRef = 3CF52DF824BF0D6400E7B8D4 /* ItemViewModel.swift */; };
		3CF6C2FF250DDCBD00548737 /* GroupViewModel.swift in Sources */ = {isa = PBXBuildFile; fileRef = 3C38CB092500E4A4007B6283 /* GroupViewModel.swift */; };
		3CF6C300250DDCC100548737 /* GroupDataManager.swift in Sources */ = {isa = PBXBuildFile; fileRef = 3C38CB072500E17D007B6283 /* GroupDataManager.swift */; };
		3CF6C301250DDCC400548737 /* Group.swift in Sources */ = {isa = PBXBuildFile; fileRef = 3C38CB042500E06C007B6283 /* Group.swift */; };
		3CF6C302250DDCC600548737 /* ItemType.swift in Sources */ = {isa = PBXBuildFile; fileRef = 3C76EEF0250C8E1E003B298D /* ItemType.swift */; };
		3CF8B44B24A9CBA300D6C11C /* AppDelegate.swift in Sources */ = {isa = PBXBuildFile; fileRef = 3CF8B44A24A9CBA300D6C11C /* AppDelegate.swift */; };
		3CF8B44D24A9CBA300D6C11C /* SceneDelegate.swift in Sources */ = {isa = PBXBuildFile; fileRef = 3CF8B44C24A9CBA300D6C11C /* SceneDelegate.swift */; };
		3CF8B45224A9CBA300D6C11C /* Main.storyboard in Resources */ = {isa = PBXBuildFile; fileRef = 3CF8B45024A9CBA300D6C11C /* Main.storyboard */; };
		3CF8B45724A9CBA700D6C11C /* LaunchScreen.storyboard in Resources */ = {isa = PBXBuildFile; fileRef = 3CF8B45524A9CBA700D6C11C /* LaunchScreen.storyboard */; };
		97EA7918B2D5D4E6C4A01BB1 /* Pods_PinPhotoWidgetExtension.framework in Frameworks */ = {isa = PBXBuildFile; fileRef = 54A84883FF2DE19D2F1436A2 /* Pods_PinPhotoWidgetExtension.framework */; };
		BF01EBC1255ADA370036E8EC /* GoogleService-Info.plist in Resources */ = {isa = PBXBuildFile; fileRef = BF01EBC0255ADA370036E8EC /* GoogleService-Info.plist */; };
		BF13206525614642006FB5B7 /* SettingHomeWidget.storyboard in Resources */ = {isa = PBXBuildFile; fileRef = BF13206425614642006FB5B7 /* SettingHomeWidget.storyboard */; };
		BF13206D256148C9006FB5B7 /* SettingHomeWidgetViewController.swift in Sources */ = {isa = PBXBuildFile; fileRef = BF13206C256148C9006FB5B7 /* SettingHomeWidgetViewController.swift */; };
		BF13207525614AAF006FB5B7 /* SettingHomeWidgetSwitchCell.swift in Sources */ = {isa = PBXBuildFile; fileRef = BF13207425614AAF006FB5B7 /* SettingHomeWidgetSwitchCell.swift */; };
		BF13207A25614B6E006FB5B7 /* SettingHomeWidgetPickerCell.swift in Sources */ = {isa = PBXBuildFile; fileRef = BF13207925614B6E006FB5B7 /* SettingHomeWidgetPickerCell.swift */; };
		BF3FCA612550E882002B5AB5 /* HomeDetail.storyboard in Resources */ = {isa = PBXBuildFile; fileRef = BF3FCA632550E882002B5AB5 /* HomeDetail.storyboard */; };
		BF3FCA7425536550002B5AB5 /* GroupObserver.swift in Sources */ = {isa = PBXBuildFile; fileRef = BF3FCA7325536550002B5AB5 /* GroupObserver.swift */; };
		BF3FCA7825536574002B5AB5 /* GroupObserver.swift in Sources */ = {isa = PBXBuildFile; fileRef = BF3FCA7325536550002B5AB5 /* GroupObserver.swift */; };
		BF3FCA7C25536575002B5AB5 /* GroupObserver.swift in Sources */ = {isa = PBXBuildFile; fileRef = BF3FCA7325536550002B5AB5 /* GroupObserver.swift */; };
		BFC7521B254D7A4B00C34E63 /* InfoPlist.strings in Resources */ = {isa = PBXBuildFile; fileRef = BFC7521D254D7A4B00C34E63 /* InfoPlist.strings */; };
		C90E01E01A8F6C43633BD7C6 /* Pods_PinPhotoExtension.framework in Frameworks */ = {isa = PBXBuildFile; fileRef = 90816F65DC997A4BDA8F0CA1 /* Pods_PinPhotoExtension.framework */; };
		F9F2675AD681C9FFF36395E4 /* Pods_PinPhoto.framework in Frameworks */ = {isa = PBXBuildFile; fileRef = A6E3DD72E2F55C8639AAB2B9 /* Pods_PinPhoto.framework */; };
/* End PBXBuildFile section */

/* Begin PBXContainerItemProxy section */
		3CDBF2EE25186DC100F84F66 /* PBXContainerItemProxy */ = {
			isa = PBXContainerItemProxy;
			containerPortal = 3CF8B43F24A9CBA300D6C11C /* Project object */;
			proxyType = 1;
			remoteGlobalIDString = 3CDBF2DF25186DBE00F84F66;
			remoteInfo = PinPhotoWidgetExtension;
		};
		3CEB644324CEC742004D8C3C /* PBXContainerItemProxy */ = {
			isa = PBXContainerItemProxy;
			containerPortal = 3CF8B43F24A9CBA300D6C11C /* Project object */;
			proxyType = 1;
			remoteGlobalIDString = 3CEB643824CEC742004D8C3C;
			remoteInfo = PinPhotoExtension;
		};
/* End PBXContainerItemProxy section */

/* Begin PBXCopyFilesBuildPhase section */
		3CEB644624CEC742004D8C3C /* Embed App Extensions */ = {
			isa = PBXCopyFilesBuildPhase;
			buildActionMask = 2147483647;
			dstPath = "";
			dstSubfolderSpec = 13;
			files = (
				3CEB644524CEC742004D8C3C /* PinPhotoExtension.appex in Embed App Extensions */,
				3CDBF2F025186DC100F84F66 /* PinPhotoWidgetExtension.appex in Embed App Extensions */,
			);
			name = "Embed App Extensions";
			runOnlyForDeploymentPostprocessing = 0;
		};
/* End PBXCopyFilesBuildPhase section */

/* Begin PBXFileReference section */
		3C070A8F24D26F670077C3AE /* ExtensionItemCell.swift */ = {isa = PBXFileReference; lastKnownFileType = sourcecode.swift; path = ExtensionItemCell.swift; sourceTree = "<group>"; };
		3C070A9424D3A4CA0077C3AE /* EditTextItemViewController.swift */ = {isa = PBXFileReference; lastKnownFileType = sourcecode.swift; path = EditTextItemViewController.swift; sourceTree = "<group>"; };
		3C070A9624D3BAB30077C3AE /* EditImageItemViewController.swift */ = {isa = PBXFileReference; lastKnownFileType = sourcecode.swift; path = EditImageItemViewController.swift; sourceTree = "<group>"; };
		3C070AA224D419600077C3AE /* ItemObserver.swift */ = {isa = PBXFileReference; lastKnownFileType = sourcecode.swift; path = ItemObserver.swift; sourceTree = "<group>"; };
		3C0C004924EA4F1A00BF137B /* Manual.storyboard */ = {isa = PBXFileReference; lastKnownFileType = file.storyboard; path = Manual.storyboard; sourceTree = "<group>"; };
		3C0C004B24EA4F4500BF137B /* CreateTextItem.storyboard */ = {isa = PBXFileReference; lastKnownFileType = file.storyboard; path = CreateTextItem.storyboard; sourceTree = "<group>"; };
		3C0C004D24EA4FED00BF137B /* EditImageItem.storyboard */ = {isa = PBXFileReference; lastKnownFileType = file.storyboard; path = EditImageItem.storyboard; sourceTree = "<group>"; };
		3C0C004F24EA50D200BF137B /* EditTextItem.storyboard */ = {isa = PBXFileReference; lastKnownFileType = file.storyboard; path = EditTextItem.storyboard; sourceTree = "<group>"; };
		3C0C005124EA581900BF137B /* ClassNameToString.swift */ = {isa = PBXFileReference; lastKnownFileType = sourcecode.swift; path = ClassNameToString.swift; sourceTree = "<group>"; };
		3C21CC0624BEDC10004BEAF0 /* CreateTextItemViewController.swift */ = {isa = PBXFileReference; lastKnownFileType = sourcecode.swift; path = CreateTextItemViewController.swift; sourceTree = "<group>"; };
		3C23693125036ADF0064637A /* HomeViewController.swift */ = {isa = PBXFileReference; lastKnownFileType = sourcecode.swift; path = HomeViewController.swift; sourceTree = "<group>"; };
		3C25284D24EFD2C4002ADBDC /* HomeNavigationController.swift */ = {isa = PBXFileReference; lastKnownFileType = sourcecode.swift; path = HomeNavigationController.swift; sourceTree = "<group>"; };
		3C3024B9251B3E6900C7E73B /* PinPhotoWidgetExtension.entitlements */ = {isa = PBXFileReference; lastKnownFileType = text.plist.entitlements; path = PinPhotoWidgetExtension.entitlements; sourceTree = "<group>"; };
		3C33F24C2549AF3F009406CF /* en */ = {isa = PBXFileReference; lastKnownFileType = text.plist.strings; name = en; path = en.lproj/InfoPlist.strings; sourceTree = "<group>"; };
		3C33F24E2549AF44009406CF /* ja */ = {isa = PBXFileReference; lastKnownFileType = text.plist.strings; name = ja; path = ja.lproj/InfoPlist.strings; sourceTree = "<group>"; };
		3C33F24F2549AF45009406CF /* ko */ = {isa = PBXFileReference; lastKnownFileType = text.plist.strings; name = ko; path = ko.lproj/InfoPlist.strings; sourceTree = "<group>"; };
		3C33F28F254A5C5B009406CF /* DateExtension.swift */ = {isa = PBXFileReference; lastKnownFileType = sourcecode.swift; path = DateExtension.swift; sourceTree = "<group>"; };
		3C38CB042500E06C007B6283 /* Group.swift */ = {isa = PBXFileReference; lastKnownFileType = sourcecode.swift; path = Group.swift; sourceTree = "<group>"; };
		3C38CB072500E17D007B6283 /* GroupDataManager.swift */ = {isa = PBXFileReference; lastKnownFileType = sourcecode.swift; path = GroupDataManager.swift; sourceTree = "<group>"; };
		3C38CB092500E4A4007B6283 /* GroupViewModel.swift */ = {isa = PBXFileReference; lastKnownFileType = sourcecode.swift; path = GroupViewModel.swift; sourceTree = "<group>"; };
		3C3ACC8F24BB558B00311F7A /* Item.xcdatamodel */ = {isa = PBXFileReference; lastKnownFileType = wrapper.xcdatamodel; path = Item.xcdatamodel; sourceTree = "<group>"; };
		3C3ACC9524BB5BD600311F7A /* CoreDataManager.swift */ = {isa = PBXFileReference; lastKnownFileType = sourcecode.swift; path = CoreDataManager.swift; sourceTree = "<group>"; };
		3C3ACC9724BB5C2100311F7A /* Item+CoreDataClass.swift */ = {isa = PBXFileReference; lastKnownFileType = sourcecode.swift; path = "Item+CoreDataClass.swift"; sourceTree = "<group>"; };
		3C3ACC9824BB5C2100311F7A /* Item+CoreDataProperties.swift */ = {isa = PBXFileReference; lastKnownFileType = sourcecode.swift; path = "Item+CoreDataProperties.swift"; sourceTree = "<group>"; };
		3C4D139F24AB716B009BDCDE /* HomeDetailViewController.swift */ = {isa = PBXFileReference; lastKnownFileType = sourcecode.swift; path = HomeDetailViewController.swift; sourceTree = "<group>"; };
		3C585BCE24FD33A600203C18 /* ConvertImageToData.swift */ = {isa = PBXFileReference; lastKnownFileType = sourcecode.swift; path = ConvertImageToData.swift; sourceTree = "<group>"; };
		3C5BC0D5251257DB00A74F4E /* ItemCopy.swift */ = {isa = PBXFileReference; lastKnownFileType = sourcecode.swift; path = ItemCopy.swift; sourceTree = "<group>"; };
		3C76EEF0250C8E1E003B298D /* ItemType.swift */ = {isa = PBXFileReference; lastKnownFileType = sourcecode.swift; path = ItemType.swift; sourceTree = "<group>"; };
		3C76EEFA250C951E003B298D /* CoreDataType.swift */ = {isa = PBXFileReference; lastKnownFileType = sourcecode.swift; path = CoreDataType.swift; sourceTree = "<group>"; };
		3C8AA00F24B05D32005EB75C /* SettingViewController.swift */ = {isa = PBXFileReference; lastKnownFileType = sourcecode.swift; path = SettingViewController.swift; sourceTree = "<group>"; };
		3C8C6C5F24EA368400689329 /* Home.storyboard */ = {isa = PBXFileReference; lastKnownFileType = file.storyboard; path = Home.storyboard; sourceTree = "<group>"; };
		3C9D666124ECB51C00021E48 /* SettingWidget.storyboard */ = {isa = PBXFileReference; lastKnownFileType = file.storyboard; path = SettingWidget.storyboard; sourceTree = "<group>"; };
		3C9D666324ECD0B900021E48 /* SettingWidgetViewController.swift */ = {isa = PBXFileReference; lastKnownFileType = sourcecode.swift; path = SettingWidgetViewController.swift; sourceTree = "<group>"; };
		3CAA167D24BC211200635F6D /* ItemCustomCell.swift */ = {isa = PBXFileReference; lastKnownFileType = sourcecode.swift; path = ItemCustomCell.swift; sourceTree = "<group>"; };
		3CAC4C3525468A8400ACE418 /* en */ = {isa = PBXFileReference; lastKnownFileType = text.plist.strings; name = en; path = en.lproj/Localizable.strings; sourceTree = "<group>"; };
		3CAC4C3A25468AB400ACE418 /* ko */ = {isa = PBXFileReference; lastKnownFileType = text.plist.strings; name = ko; path = ko.lproj/Localizable.strings; sourceTree = "<group>"; };
		3CAC4C3B25468ABE00ACE418 /* ja */ = {isa = PBXFileReference; lastKnownFileType = text.plist.strings; name = ja; path = ja.lproj/Localizable.strings; sourceTree = "<group>"; };
		3CAC4C3F25468E0900ACE418 /* LocalizedExtension.swift */ = {isa = PBXFileReference; lastKnownFileType = sourcecode.swift; name = LocalizedExtension.swift; path = PinPhoto/LocalizedExtension.swift; sourceTree = SOURCE_ROOT; };
		3CAC4CA825486B6F00ACE418 /* Base */ = {isa = PBXFileReference; lastKnownFileType = file.storyboard; name = Base; path = Base.lproj/Search.storyboard; sourceTree = "<group>"; };
		3CAC4CAB25486B7200ACE418 /* en */ = {isa = PBXFileReference; lastKnownFileType = text.plist.strings; name = en; path = en.lproj/Search.strings; sourceTree = "<group>"; };
		3CAC4CAD25486BA200ACE418 /* ja */ = {isa = PBXFileReference; lastKnownFileType = text.plist.strings; name = ja; path = ja.lproj/Search.strings; sourceTree = "<group>"; };
		3CAC4CAF25486BAF00ACE418 /* ko */ = {isa = PBXFileReference; lastKnownFileType = text.plist.strings; name = ko; path = ko.lproj/Search.strings; sourceTree = "<group>"; };
		3CAC4CBA25486C3200ACE418 /* Base */ = {isa = PBXFileReference; lastKnownFileType = file.storyboard; name = Base; path = Base.lproj/Group.storyboard; sourceTree = "<group>"; };
		3CAC4CC025486C3700ACE418 /* en */ = {isa = PBXFileReference; lastKnownFileType = text.plist.strings; name = en; path = en.lproj/Group.strings; sourceTree = "<group>"; };
		3CAC4CC225486D5A00ACE418 /* ja */ = {isa = PBXFileReference; lastKnownFileType = text.plist.strings; name = ja; path = ja.lproj/Group.strings; sourceTree = "<group>"; };
		3CAC4CC425486DB700ACE418 /* ko */ = {isa = PBXFileReference; lastKnownFileType = text.plist.strings; name = ko; path = ko.lproj/Group.strings; sourceTree = "<group>"; };
		3CAC4CC925486E6E00ACE418 /* Base */ = {isa = PBXFileReference; lastKnownFileType = file.storyboard; name = Base; path = Base.lproj/Setting.storyboard; sourceTree = "<group>"; };
		3CAC4CCF25486E7100ACE418 /* en */ = {isa = PBXFileReference; lastKnownFileType = text.plist.strings; name = en; path = en.lproj/Setting.strings; sourceTree = "<group>"; };
		3CAC4CD425486EA200ACE418 /* ja */ = {isa = PBXFileReference; lastKnownFileType = text.plist.strings; name = ja; path = ja.lproj/Setting.strings; sourceTree = "<group>"; };
		3CAC4CD625486EB000ACE418 /* ko */ = {isa = PBXFileReference; lastKnownFileType = text.plist.strings; name = ko; path = ko.lproj/Setting.strings; sourceTree = "<group>"; };
		3CB8E0A024F1436D00FEE93C /* SettingWidgetSliderCell.swift */ = {isa = PBXFileReference; lastKnownFileType = sourcecode.swift; path = SettingWidgetSliderCell.swift; sourceTree = "<group>"; };
		3CB8E0A224F1482600FEE93C /* SettingWidgetSwitchCell.swift */ = {isa = PBXFileReference; lastKnownFileType = sourcecode.swift; path = SettingWidgetSwitchCell.swift; sourceTree = "<group>"; };
		3CC7888825110A7B00C5C42B /* SelectionType.swift */ = {isa = PBXFileReference; lastKnownFileType = sourcecode.swift; path = SelectionType.swift; sourceTree = "<group>"; };
		3CCA19622508981F00F9CCEB /* HomeHeaderViewCell.swift */ = {isa = PBXFileReference; lastKnownFileType = sourcecode.swift; path = HomeHeaderViewCell.swift; sourceTree = "<group>"; };
		3CCA19632508981F00F9CCEB /* HomeHeaderViewCell.xib */ = {isa = PBXFileReference; lastKnownFileType = file.xib; path = HomeHeaderViewCell.xib; sourceTree = "<group>"; };
		3CCA19662508BD9700F9CCEB /* HomeSectionReusableView.swift */ = {isa = PBXFileReference; lastKnownFileType = sourcecode.swift; path = HomeSectionReusableView.swift; sourceTree = "<group>"; };
		3CCA19672508BD9700F9CCEB /* HomeSectionReusableView.xib */ = {isa = PBXFileReference; lastKnownFileType = file.xib; path = HomeSectionReusableView.xib; sourceTree = "<group>"; };
		3CCA196B2508DBC300F9CCEB /* HomeGroupViewCell.swift */ = {isa = PBXFileReference; lastKnownFileType = sourcecode.swift; path = HomeGroupViewCell.swift; sourceTree = "<group>"; };
		3CCA196C2508DBC300F9CCEB /* HomeGroupViewCell.xib */ = {isa = PBXFileReference; lastKnownFileType = file.xib; path = HomeGroupViewCell.xib; sourceTree = "<group>"; };
		3CCA560124D6853F00F32671 /* ManualViewController.swift */ = {isa = PBXFileReference; lastKnownFileType = sourcecode.swift; path = ManualViewController.swift; sourceTree = "<group>"; };
		3CCA560324D697EE00F32671 /* ManualCustomCell.swift */ = {isa = PBXFileReference; lastKnownFileType = sourcecode.swift; path = ManualCustomCell.swift; sourceTree = "<group>"; };
		3CD247B825023434006F8757 /* SelectGroup.storyboard */ = {isa = PBXFileReference; lastKnownFileType = file.storyboard; path = SelectGroup.storyboard; sourceTree = "<group>"; };
		3CD247BA25023973006F8757 /* UIColorExtension.swift */ = {isa = PBXFileReference; lastKnownFileType = sourcecode.swift; path = UIColorExtension.swift; sourceTree = "<group>"; };
		3CD4D52E2502064B002F1B7C /* SearchViewController.swift */ = {isa = PBXFileReference; lastKnownFileType = sourcecode.swift; path = SearchViewController.swift; sourceTree = "<group>"; };
		3CD4D53225020AB8002F1B7C /* SelectGroupViewController.swift */ = {isa = PBXFileReference; lastKnownFileType = sourcecode.swift; path = SelectGroupViewController.swift; sourceTree = "<group>"; };
		3CDBF2E025186DBF00F84F66 /* PinPhotoWidgetExtension.appex */ = {isa = PBXFileReference; explicitFileType = "wrapper.app-extension"; includeInIndex = 0; path = PinPhotoWidgetExtension.appex; sourceTree = BUILT_PRODUCTS_DIR; };
		3CDBF2E125186DBF00F84F66 /* WidgetKit.framework */ = {isa = PBXFileReference; lastKnownFileType = wrapper.framework; name = WidgetKit.framework; path = System/Library/Frameworks/WidgetKit.framework; sourceTree = SDKROOT; };
		3CDBF2E325186DBF00F84F66 /* SwiftUI.framework */ = {isa = PBXFileReference; lastKnownFileType = wrapper.framework; name = SwiftUI.framework; path = System/Library/Frameworks/SwiftUI.framework; sourceTree = SDKROOT; };
		3CDBF2E625186DBF00F84F66 /* PinPhotoWidget.swift */ = {isa = PBXFileReference; lastKnownFileType = sourcecode.swift; path = PinPhotoWidget.swift; sourceTree = "<group>"; };
		3CDBF2E825186DBF00F84F66 /* PinPhotoWidget.intentdefinition */ = {isa = PBXFileReference; lastKnownFileType = file.intentdefinition; path = PinPhotoWidget.intentdefinition; sourceTree = "<group>"; };
		3CDBF2E925186DC100F84F66 /* Assets.xcassets */ = {isa = PBXFileReference; lastKnownFileType = folder.assetcatalog; path = Assets.xcassets; sourceTree = "<group>"; };
		3CDBF2EB25186DC100F84F66 /* Info.plist */ = {isa = PBXFileReference; lastKnownFileType = text.plist.xml; path = Info.plist; sourceTree = "<group>"; };
		3CEB643924CEC742004D8C3C /* PinPhotoExtension.appex */ = {isa = PBXFileReference; explicitFileType = "wrapper.app-extension"; includeInIndex = 0; path = PinPhotoExtension.appex; sourceTree = BUILT_PRODUCTS_DIR; };
		3CEB643A24CEC742004D8C3C /* NotificationCenter.framework */ = {isa = PBXFileReference; lastKnownFileType = wrapper.framework; name = NotificationCenter.framework; path = System/Library/Frameworks/NotificationCenter.framework; sourceTree = SDKROOT; };
		3CEB643D24CEC742004D8C3C /* TodayViewController.swift */ = {isa = PBXFileReference; lastKnownFileType = sourcecode.swift; path = TodayViewController.swift; sourceTree = "<group>"; };
		3CEB644024CEC742004D8C3C /* Base */ = {isa = PBXFileReference; lastKnownFileType = file.storyboard; name = Base; path = Base.lproj/MainInterface.storyboard; sourceTree = "<group>"; };
		3CEB644224CEC742004D8C3C /* Info.plist */ = {isa = PBXFileReference; lastKnownFileType = text.plist.xml; path = Info.plist; sourceTree = "<group>"; };
		3CEB644A24CEC805004D8C3C /* PinPhoto.entitlements */ = {isa = PBXFileReference; lastKnownFileType = text.plist.entitlements; path = PinPhoto.entitlements; sourceTree = "<group>"; };
		3CEB644B24CEC80E004D8C3C /* PinPhotoExtension.entitlements */ = {isa = PBXFileReference; lastKnownFileType = text.plist.entitlements; path = PinPhotoExtension.entitlements; sourceTree = "<group>"; };
		3CEB644D24CF109A004D8C3C /* URLextension.swift */ = {isa = PBXFileReference; lastKnownFileType = sourcecode.swift; path = URLextension.swift; sourceTree = "<group>"; };
		3CF07B9324FE387E006D48CE /* WidgetViewModel.swift */ = {isa = PBXFileReference; lastKnownFileType = sourcecode.swift; path = WidgetViewModel.swift; sourceTree = "<group>"; };
		3CF07B9924FE4B67006D48CE /* GroupViewController.swift */ = {isa = PBXFileReference; lastKnownFileType = sourcecode.swift; path = GroupViewController.swift; sourceTree = "<group>"; };
		3CF52DF824BF0D6400E7B8D4 /* ItemViewModel.swift */ = {isa = PBXFileReference; lastKnownFileType = sourcecode.swift; path = ItemViewModel.swift; sourceTree = "<group>"; };
		3CF8B44724A9CBA300D6C11C /* PinPhoto.app */ = {isa = PBXFileReference; explicitFileType = wrapper.application; includeInIndex = 0; path = PinPhoto.app; sourceTree = BUILT_PRODUCTS_DIR; };
		3CF8B44A24A9CBA300D6C11C /* AppDelegate.swift */ = {isa = PBXFileReference; lastKnownFileType = sourcecode.swift; path = AppDelegate.swift; sourceTree = "<group>"; };
		3CF8B44C24A9CBA300D6C11C /* SceneDelegate.swift */ = {isa = PBXFileReference; lastKnownFileType = sourcecode.swift; path = SceneDelegate.swift; sourceTree = "<group>"; };
		3CF8B45124A9CBA300D6C11C /* Base */ = {isa = PBXFileReference; lastKnownFileType = file.storyboard; name = Base; path = Base.lproj/Main.storyboard; sourceTree = "<group>"; };
		3CF8B45324A9CBA700D6C11C /* Assets.xcassets */ = {isa = PBXFileReference; lastKnownFileType = folder.assetcatalog; path = Assets.xcassets; sourceTree = "<group>"; };
		3CF8B45624A9CBA700D6C11C /* Base */ = {isa = PBXFileReference; lastKnownFileType = file.storyboard; name = Base; path = Base.lproj/LaunchScreen.storyboard; sourceTree = "<group>"; };
		3CF8B45824A9CBA700D6C11C /* Info.plist */ = {isa = PBXFileReference; lastKnownFileType = text.plist.xml; path = Info.plist; sourceTree = "<group>"; };
		53D1D62CEDE3097467685511 /* Pods-PinPhotoWidgetExtension.debug.xcconfig */ = {isa = PBXFileReference; includeInIndex = 1; lastKnownFileType = text.xcconfig; name = "Pods-PinPhotoWidgetExtension.debug.xcconfig"; path = "Target Support Files/Pods-PinPhotoWidgetExtension/Pods-PinPhotoWidgetExtension.debug.xcconfig"; sourceTree = "<group>"; };
		54A8157C6B59B1A1802A8964 /* Pods-PinPhotoExtension.release.xcconfig */ = {isa = PBXFileReference; includeInIndex = 1; lastKnownFileType = text.xcconfig; name = "Pods-PinPhotoExtension.release.xcconfig"; path = "Target Support Files/Pods-PinPhotoExtension/Pods-PinPhotoExtension.release.xcconfig"; sourceTree = "<group>"; };
		54A84883FF2DE19D2F1436A2 /* Pods_PinPhotoWidgetExtension.framework */ = {isa = PBXFileReference; explicitFileType = wrapper.framework; includeInIndex = 0; path = Pods_PinPhotoWidgetExtension.framework; sourceTree = BUILT_PRODUCTS_DIR; };
		80EE58D3FBED7D66C4295092 /* Pods-PinPhoto.debug.xcconfig */ = {isa = PBXFileReference; includeInIndex = 1; lastKnownFileType = text.xcconfig; name = "Pods-PinPhoto.debug.xcconfig"; path = "Target Support Files/Pods-PinPhoto/Pods-PinPhoto.debug.xcconfig"; sourceTree = "<group>"; };
		90816F65DC997A4BDA8F0CA1 /* Pods_PinPhotoExtension.framework */ = {isa = PBXFileReference; explicitFileType = wrapper.framework; includeInIndex = 0; path = Pods_PinPhotoExtension.framework; sourceTree = BUILT_PRODUCTS_DIR; };
		A1624057D1CAB01FABDD5A48 /* Pods-PinPhoto.release.xcconfig */ = {isa = PBXFileReference; includeInIndex = 1; lastKnownFileType = text.xcconfig; name = "Pods-PinPhoto.release.xcconfig"; path = "Target Support Files/Pods-PinPhoto/Pods-PinPhoto.release.xcconfig"; sourceTree = "<group>"; };
		A6E3DD72E2F55C8639AAB2B9 /* Pods_PinPhoto.framework */ = {isa = PBXFileReference; explicitFileType = wrapper.framework; includeInIndex = 0; path = Pods_PinPhoto.framework; sourceTree = BUILT_PRODUCTS_DIR; };
		BF01EBC0255ADA370036E8EC /* GoogleService-Info.plist */ = {isa = PBXFileReference; fileEncoding = 4; lastKnownFileType = text.plist.xml; name = "GoogleService-Info.plist"; path = "../../../../Downloads/GoogleService-Info.plist"; sourceTree = "<group>"; };
		BF13206425614642006FB5B7 /* SettingHomeWidget.storyboard */ = {isa = PBXFileReference; lastKnownFileType = file.storyboard; path = SettingHomeWidget.storyboard; sourceTree = "<group>"; };
		BF13206C256148C9006FB5B7 /* SettingHomeWidgetViewController.swift */ = {isa = PBXFileReference; lastKnownFileType = sourcecode.swift; path = SettingHomeWidgetViewController.swift; sourceTree = "<group>"; };
		BF13207425614AAF006FB5B7 /* SettingHomeWidgetSwitchCell.swift */ = {isa = PBXFileReference; lastKnownFileType = sourcecode.swift; path = SettingHomeWidgetSwitchCell.swift; sourceTree = "<group>"; };
		BF13207925614B6E006FB5B7 /* SettingHomeWidgetPickerCell.swift */ = {isa = PBXFileReference; lastKnownFileType = sourcecode.swift; path = SettingHomeWidgetPickerCell.swift; sourceTree = "<group>"; };
		BF3FCA622550E882002B5AB5 /* Base */ = {isa = PBXFileReference; lastKnownFileType = file.storyboard; name = Base; path = Base.lproj/HomeDetail.storyboard; sourceTree = "<group>"; };
		BF3FCA682550E886002B5AB5 /* en */ = {isa = PBXFileReference; lastKnownFileType = text.plist.strings; name = en; path = en.lproj/HomeDetail.strings; sourceTree = "<group>"; };
		BF3FCA6A2550E8BA002B5AB5 /* ja */ = {isa = PBXFileReference; lastKnownFileType = text.plist.strings; name = ja; path = ja.lproj/HomeDetail.strings; sourceTree = "<group>"; };
		BF3FCA6F2550E8EE002B5AB5 /* ko */ = {isa = PBXFileReference; lastKnownFileType = text.plist.strings; name = ko; path = ko.lproj/HomeDetail.strings; sourceTree = "<group>"; };
		BF3FCA7325536550002B5AB5 /* GroupObserver.swift */ = {isa = PBXFileReference; lastKnownFileType = sourcecode.swift; path = GroupObserver.swift; sourceTree = "<group>"; };
		BFC7521C254D7A4B00C34E63 /* en */ = {isa = PBXFileReference; lastKnownFileType = text.plist.strings; name = en; path = en.lproj/InfoPlist.strings; sourceTree = "<group>"; };
		BFC75221254D7A5500C34E63 /* ja */ = {isa = PBXFileReference; lastKnownFileType = text.plist.strings; name = ja; path = ja.lproj/InfoPlist.strings; sourceTree = "<group>"; };
		BFC75222254D7A5700C34E63 /* ko */ = {isa = PBXFileReference; lastKnownFileType = text.plist.strings; name = ko; path = ko.lproj/InfoPlist.strings; sourceTree = "<group>"; };
		BFC75227254D7B0F00C34E63 /* en */ = {isa = PBXFileReference; lastKnownFileType = text.plist.strings; name = en; path = en.lproj/MainInterface.strings; sourceTree = "<group>"; };
		BFC75229254D7B1200C34E63 /* ja */ = {isa = PBXFileReference; lastKnownFileType = text.plist.strings; name = ja; path = ja.lproj/MainInterface.strings; sourceTree = "<group>"; };
		BFC7522B254D7B1600C34E63 /* ko */ = {isa = PBXFileReference; lastKnownFileType = text.plist.strings; name = ko; path = ko.lproj/MainInterface.strings; sourceTree = "<group>"; };
		D015C89250D6C3BF48144A61 /* Pods-PinPhotoExtension.debug.xcconfig */ = {isa = PBXFileReference; includeInIndex = 1; lastKnownFileType = text.xcconfig; name = "Pods-PinPhotoExtension.debug.xcconfig"; path = "Target Support Files/Pods-PinPhotoExtension/Pods-PinPhotoExtension.debug.xcconfig"; sourceTree = "<group>"; };
		D50908D6AEFCF2463675C346 /* Pods-PinPhotoWidgetExtension.release.xcconfig */ = {isa = PBXFileReference; includeInIndex = 1; lastKnownFileType = text.xcconfig; name = "Pods-PinPhotoWidgetExtension.release.xcconfig"; path = "Target Support Files/Pods-PinPhotoWidgetExtension/Pods-PinPhotoWidgetExtension.release.xcconfig"; sourceTree = "<group>"; };
/* End PBXFileReference section */

/* Begin PBXFrameworksBuildPhase section */
		3CDBF2DD25186DBE00F84F66 /* Frameworks */ = {
			isa = PBXFrameworksBuildPhase;
			buildActionMask = 2147483647;
			files = (
				3CDBF2E425186DBF00F84F66 /* SwiftUI.framework in Frameworks */,
				3CDBF2E225186DBF00F84F66 /* WidgetKit.framework in Frameworks */,
				97EA7918B2D5D4E6C4A01BB1 /* Pods_PinPhotoWidgetExtension.framework in Frameworks */,
			);
			runOnlyForDeploymentPostprocessing = 0;
		};
		3CEB643624CEC742004D8C3C /* Frameworks */ = {
			isa = PBXFrameworksBuildPhase;
			buildActionMask = 2147483647;
			files = (
				3CEB643B24CEC742004D8C3C /* NotificationCenter.framework in Frameworks */,
				C90E01E01A8F6C43633BD7C6 /* Pods_PinPhotoExtension.framework in Frameworks */,
			);
			runOnlyForDeploymentPostprocessing = 0;
		};
		3CF8B44424A9CBA300D6C11C /* Frameworks */ = {
			isa = PBXFrameworksBuildPhase;
			buildActionMask = 2147483647;
			files = (
				3CC81261251B45B6009D8580 /* WidgetKit.framework in Frameworks */,
				F9F2675AD681C9FFF36395E4 /* Pods_PinPhoto.framework in Frameworks */,
			);
			runOnlyForDeploymentPostprocessing = 0;
		};
/* End PBXFrameworksBuildPhase section */

/* Begin PBXGroup section */
		309399C368E69F88FF9A34D3 /* Pods */ = {
			isa = PBXGroup;
			children = (
				80EE58D3FBED7D66C4295092 /* Pods-PinPhoto.debug.xcconfig */,
				A1624057D1CAB01FABDD5A48 /* Pods-PinPhoto.release.xcconfig */,
				D015C89250D6C3BF48144A61 /* Pods-PinPhotoExtension.debug.xcconfig */,
				54A8157C6B59B1A1802A8964 /* Pods-PinPhotoExtension.release.xcconfig */,
				53D1D62CEDE3097467685511 /* Pods-PinPhotoWidgetExtension.debug.xcconfig */,
				D50908D6AEFCF2463675C346 /* Pods-PinPhotoWidgetExtension.release.xcconfig */,
			);
			path = Pods;
			sourceTree = "<group>";
		};
		3C070A9924D3FD0C0077C3AE /* Controller */ = {
			isa = PBXGroup;
			children = (
				3CEB643D24CEC742004D8C3C /* TodayViewController.swift */,
			);
			path = Controller;
			sourceTree = "<group>";
		};
		3C070A9A24D3FD2C0077C3AE /* View */ = {
			isa = PBXGroup;
			children = (
				3C070A8F24D26F670077C3AE /* ExtensionItemCell.swift */,
			);
			path = View;
			sourceTree = "<group>";
		};
		3C38CB062500E124007B6283 /* ViewModel */ = {
			isa = PBXGroup;
			children = (
				3CF52DF824BF0D6400E7B8D4 /* ItemViewModel.swift */,
				3C38CB092500E4A4007B6283 /* GroupViewModel.swift */,
				3CF07B9324FE387E006D48CE /* WidgetViewModel.swift */,
			);
			path = ViewModel;
			sourceTree = "<group>";
		};
		3C3ACC8924BB52A300311F7A /* Controller */ = {
			isa = PBXGroup;
			children = (
				3CD4D52A2502060C002F1B7C /* Home */,
				3CD4D52B25020617002F1B7C /* Create */,
				3CA68901250F935900415C69 /* Search */,
				3CD4D52D25020630002F1B7C /* Group */,
				3CD4D52C25020627002F1B7C /* Setting */,
			);
			path = Controller;
			sourceTree = "<group>";
		};
		3C3ACC8A24BB52C600311F7A /* View */ = {
			isa = PBXGroup;
			children = (
				3CCA196A2508D84D00F9CCEB /* Home */,
				3C6133E2251064BD001A62C8 /* Setting */,
			);
			path = View;
			sourceTree = "<group>";
		};
		3C3ACC8D24BB533F00311F7A /* Model */ = {
			isa = PBXGroup;
			children = (
				3C3ACC9724BB5C2100311F7A /* Item+CoreDataClass.swift */,
				3C3ACC9824BB5C2100311F7A /* Item+CoreDataProperties.swift */,
				3C76EEF0250C8E1E003B298D /* ItemType.swift */,
				3C5BC0D5251257DB00A74F4E /* ItemCopy.swift */,
				3CC7888825110A7B00C5C42B /* SelectionType.swift */,
				3C3ACC9524BB5BD600311F7A /* CoreDataManager.swift */,
				3C76EEFA250C951E003B298D /* CoreDataType.swift */,
				3C38CB042500E06C007B6283 /* Group.swift */,
				3C38CB072500E17D007B6283 /* GroupDataManager.swift */,
				3C3ACC8E24BB558B00311F7A /* Item.xcdatamodeld */,
			);
			path = Model;
			sourceTree = "<group>";
		};
		3C585BD124FD34A900203C18 /* Protocol */ = {
			isa = PBXGroup;
			children = (
				3C070AA224D419600077C3AE /* ItemObserver.swift */,
				BF3FCA7325536550002B5AB5 /* GroupObserver.swift */,
			);
			path = Protocol;
			sourceTree = "<group>";
		};
		3C6133E2251064BD001A62C8 /* Setting */ = {
			isa = PBXGroup;
			children = (
				3CCA560324D697EE00F32671 /* ManualCustomCell.swift */,
				3CB8E0A224F1482600FEE93C /* SettingWidgetSwitchCell.swift */,
				3CB8E0A024F1436D00FEE93C /* SettingWidgetSliderCell.swift */,
				BF13207425614AAF006FB5B7 /* SettingHomeWidgetSwitchCell.swift */,
				BF13207925614B6E006FB5B7 /* SettingHomeWidgetPickerCell.swift */,
			);
			path = Setting;
			sourceTree = "<group>";
		};
		3C8C6C5E24EA363200689329 /* StoryBoard */ = {
			isa = PBXGroup;
			children = (
				3CF8B45024A9CBA300D6C11C /* Main.storyboard */,
				3CF8B45524A9CBA700D6C11C /* LaunchScreen.storyboard */,
				3CC788612510B9EE00C5C42B /* Home */,
				3CC788622510BA0300C5C42B /* Create */,
				3CC788652510BA2C00C5C42B /* Search */,
				3CC788632510BA1300C5C42B /* Group */,
				3CC788642510BA2500C5C42B /* Setting */,
			);
			path = StoryBoard;
			sourceTree = "<group>";
		};
		3CA68901250F935900415C69 /* Search */ = {
			isa = PBXGroup;
			children = (
				3CD4D52E2502064B002F1B7C /* SearchViewController.swift */,
			);
			path = Search;
			sourceTree = "<group>";
		};
		3CC788612510B9EE00C5C42B /* Home */ = {
			isa = PBXGroup;
			children = (
				3C8C6C5F24EA368400689329 /* Home.storyboard */,
				BF3FCA632550E882002B5AB5 /* HomeDetail.storyboard */,
			);
			path = Home;
			sourceTree = "<group>";
		};
		3CC788622510BA0300C5C42B /* Create */ = {
			isa = PBXGroup;
			children = (
				3C0C004B24EA4F4500BF137B /* CreateTextItem.storyboard */,
				3C0C004D24EA4FED00BF137B /* EditImageItem.storyboard */,
				3C0C004F24EA50D200BF137B /* EditTextItem.storyboard */,
			);
			path = Create;
			sourceTree = "<group>";
		};
		3CC788632510BA1300C5C42B /* Group */ = {
			isa = PBXGroup;
			children = (
				3CAC4CBB25486C3200ACE418 /* Group.storyboard */,
				3CD247B825023434006F8757 /* SelectGroup.storyboard */,
			);
			path = Group;
			sourceTree = "<group>";
		};
		3CC788642510BA2500C5C42B /* Setting */ = {
			isa = PBXGroup;
			children = (
				3CAC4CCA25486E6E00ACE418 /* Setting.storyboard */,
				3C9D666124ECB51C00021E48 /* SettingWidget.storyboard */,
				BF13206425614642006FB5B7 /* SettingHomeWidget.storyboard */,
				3C0C004924EA4F1A00BF137B /* Manual.storyboard */,
			);
			path = Setting;
			sourceTree = "<group>";
		};
		3CC788652510BA2C00C5C42B /* Search */ = {
			isa = PBXGroup;
			children = (
				3CAC4CA925486B6F00ACE418 /* Search.storyboard */,
			);
			path = Search;
			sourceTree = "<group>";
		};
		3CCA196A2508D84D00F9CCEB /* Home */ = {
			isa = PBXGroup;
			children = (
				3CCA19662508BD9700F9CCEB /* HomeSectionReusableView.swift */,
				3CCA19672508BD9700F9CCEB /* HomeSectionReusableView.xib */,
				3CCA196B2508DBC300F9CCEB /* HomeGroupViewCell.swift */,
				3CCA196C2508DBC300F9CCEB /* HomeGroupViewCell.xib */,
				3CCA19622508981F00F9CCEB /* HomeHeaderViewCell.swift */,
				3CCA19632508981F00F9CCEB /* HomeHeaderViewCell.xib */,
				3CAA167D24BC211200635F6D /* ItemCustomCell.swift */,
			);
			path = Home;
			sourceTree = "<group>";
		};
		3CD4D52A2502060C002F1B7C /* Home */ = {
			isa = PBXGroup;
			children = (
				3C25284D24EFD2C4002ADBDC /* HomeNavigationController.swift */,
				3C23693125036ADF0064637A /* HomeViewController.swift */,
				3C4D139F24AB716B009BDCDE /* HomeDetailViewController.swift */,
			);
			path = Home;
			sourceTree = "<group>";
		};
		3CD4D52B25020617002F1B7C /* Create */ = {
			isa = PBXGroup;
			children = (
				3C21CC0624BEDC10004BEAF0 /* CreateTextItemViewController.swift */,
				3C070A9624D3BAB30077C3AE /* EditImageItemViewController.swift */,
				3C070A9424D3A4CA0077C3AE /* EditTextItemViewController.swift */,
			);
			path = Create;
			sourceTree = "<group>";
		};
		3CD4D52C25020627002F1B7C /* Setting */ = {
			isa = PBXGroup;
			children = (
				3C8AA00F24B05D32005EB75C /* SettingViewController.swift */,
				3C9D666324ECD0B900021E48 /* SettingWidgetViewController.swift */,
				BF13206C256148C9006FB5B7 /* SettingHomeWidgetViewController.swift */,
				3CCA560124D6853F00F32671 /* ManualViewController.swift */,
			);
			path = Setting;
			sourceTree = "<group>";
		};
		3CD4D52D25020630002F1B7C /* Group */ = {
			isa = PBXGroup;
			children = (
				3CF07B9924FE4B67006D48CE /* GroupViewController.swift */,
				3CD4D53225020AB8002F1B7C /* SelectGroupViewController.swift */,
			);
			path = Group;
			sourceTree = "<group>";
		};
		3CDBF2E525186DBF00F84F66 /* PinPhotoWidget */ = {
			isa = PBXGroup;
			children = (
				3CDBF2E625186DBF00F84F66 /* PinPhotoWidget.swift */,
				3CDBF2E825186DBF00F84F66 /* PinPhotoWidget.intentdefinition */,
				3CDBF2E925186DC100F84F66 /* Assets.xcassets */,
				3CDBF2EB25186DC100F84F66 /* Info.plist */,
			);
			path = PinPhotoWidget;
			sourceTree = "<group>";
		};
		3CEB643C24CEC742004D8C3C /* PinPhotoExtension */ = {
			isa = PBXGroup;
			children = (
				3CEB644B24CEC80E004D8C3C /* PinPhotoExtension.entitlements */,
				3CEB643F24CEC742004D8C3C /* MainInterface.storyboard */,
				3CEB644224CEC742004D8C3C /* Info.plist */,
				BFC7521D254D7A4B00C34E63 /* InfoPlist.strings */,
				3C070A9A24D3FD2C0077C3AE /* View */,
				3C070A9924D3FD0C0077C3AE /* Controller */,
			);
			path = PinPhotoExtension;
			sourceTree = "<group>";
		};
		3CEB644F24CF10A3004D8C3C /* Extension */ = {
			isa = PBXGroup;
			children = (
				3CEB644D24CF109A004D8C3C /* URLextension.swift */,
				3CD247BA25023973006F8757 /* UIColorExtension.swift */,
				3C585BCE24FD33A600203C18 /* ConvertImageToData.swift */,
				3C0C005124EA581900BF137B /* ClassNameToString.swift */,
				3CAC4C3F25468E0900ACE418 /* LocalizedExtension.swift */,
				3C33F28F254A5C5B009406CF /* DateExtension.swift */,
			);
			path = Extension;
			sourceTree = "<group>";
		};
		3CF8B43E24A9CBA300D6C11C = {
			isa = PBXGroup;
			children = (
				3C3024B9251B3E6900C7E73B /* PinPhotoWidgetExtension.entitlements */,
				3CF8B44924A9CBA300D6C11C /* PinPhoto */,
				3CEB643C24CEC742004D8C3C /* PinPhotoExtension */,
				3CDBF2E525186DBF00F84F66 /* PinPhotoWidget */,
				3CF8B44824A9CBA300D6C11C /* Products */,
				309399C368E69F88FF9A34D3 /* Pods */,
				FF87DE9F94AF38898587A269 /* Frameworks */,
			);
			sourceTree = "<group>";
		};
		3CF8B44824A9CBA300D6C11C /* Products */ = {
			isa = PBXGroup;
			children = (
				3CF8B44724A9CBA300D6C11C /* PinPhoto.app */,
				3CEB643924CEC742004D8C3C /* PinPhotoExtension.appex */,
				3CDBF2E025186DBF00F84F66 /* PinPhotoWidgetExtension.appex */,
			);
			name = Products;
			sourceTree = "<group>";
		};
		3CF8B44924A9CBA300D6C11C /* PinPhoto */ = {
			isa = PBXGroup;
			children = (
				3CF8B44A24A9CBA300D6C11C /* AppDelegate.swift */,
				3CF8B44C24A9CBA300D6C11C /* SceneDelegate.swift */,
				3CEB644A24CEC805004D8C3C /* PinPhoto.entitlements */,
				3C8C6C5E24EA363200689329 /* StoryBoard */,
				3C3ACC8D24BB533F00311F7A /* Model */,
				3C38CB062500E124007B6283 /* ViewModel */,
				3C3ACC8A24BB52C600311F7A /* View */,
				3C3ACC8924BB52A300311F7A /* Controller */,
				3CEB644F24CF10A3004D8C3C /* Extension */,
				3C585BD124FD34A900203C18 /* Protocol */,
				3CF8B45324A9CBA700D6C11C /* Assets.xcassets */,
				3CF8B45824A9CBA700D6C11C /* Info.plist */,
				BF01EBC0255ADA370036E8EC /* GoogleService-Info.plist */,
				3C33F24D2549AF3F009406CF /* InfoPlist.strings */,
				3CAC4C3625468A8400ACE418 /* Localizable.strings */,
			);
			path = PinPhoto;
			sourceTree = "<group>";
		};
		FF87DE9F94AF38898587A269 /* Frameworks */ = {
			isa = PBXGroup;
			children = (
				3CEB643A24CEC742004D8C3C /* NotificationCenter.framework */,
				A6E3DD72E2F55C8639AAB2B9 /* Pods_PinPhoto.framework */,
				90816F65DC997A4BDA8F0CA1 /* Pods_PinPhotoExtension.framework */,
				3CDBF2E125186DBF00F84F66 /* WidgetKit.framework */,
				3CDBF2E325186DBF00F84F66 /* SwiftUI.framework */,
				54A84883FF2DE19D2F1436A2 /* Pods_PinPhotoWidgetExtension.framework */,
			);
			name = Frameworks;
			sourceTree = "<group>";
		};
/* End PBXGroup section */

/* Begin PBXNativeTarget section */
		3CDBF2DF25186DBE00F84F66 /* PinPhotoWidgetExtension */ = {
			isa = PBXNativeTarget;
			buildConfigurationList = 3CDBF2F325186DC100F84F66 /* Build configuration list for PBXNativeTarget "PinPhotoWidgetExtension" */;
			buildPhases = (
				92EECC3DD290FF6A24415647 /* [CP] Check Pods Manifest.lock */,
				3CDBF2DC25186DBE00F84F66 /* Sources */,
				3CDBF2DD25186DBE00F84F66 /* Frameworks */,
				3CDBF2DE25186DBE00F84F66 /* Resources */,
			);
			buildRules = (
			);
			dependencies = (
			);
			name = PinPhotoWidgetExtension;
			productName = PinPhotoWidgetExtension;
			productReference = 3CDBF2E025186DBF00F84F66 /* PinPhotoWidgetExtension.appex */;
			productType = "com.apple.product-type.app-extension";
		};
		3CEB643824CEC742004D8C3C /* PinPhotoExtension */ = {
			isa = PBXNativeTarget;
			buildConfigurationList = 3CEB644924CEC742004D8C3C /* Build configuration list for PBXNativeTarget "PinPhotoExtension" */;
			buildPhases = (
				0E0FA6BDE5AE7D294CFE9260 /* [CP] Check Pods Manifest.lock */,
				3CEB643524CEC742004D8C3C /* Sources */,
				3CEB643624CEC742004D8C3C /* Frameworks */,
				3CEB643724CEC742004D8C3C /* Resources */,
			);
			buildRules = (
			);
			dependencies = (
			);
			name = PinPhotoExtension;
			productName = PinPhotoExtension;
			productReference = 3CEB643924CEC742004D8C3C /* PinPhotoExtension.appex */;
			productType = "com.apple.product-type.app-extension";
		};
		3CF8B44624A9CBA300D6C11C /* PinPhoto */ = {
			isa = PBXNativeTarget;
			buildConfigurationList = 3CF8B45B24A9CBA700D6C11C /* Build configuration list for PBXNativeTarget "PinPhoto" */;
			buildPhases = (
				8758A29B7180F601CF37ED1A /* [CP] Check Pods Manifest.lock */,
				3CF8B44324A9CBA300D6C11C /* Sources */,
				3CF8B44424A9CBA300D6C11C /* Frameworks */,
				3CF8B44524A9CBA300D6C11C /* Resources */,
				3CEB644624CEC742004D8C3C /* Embed App Extensions */,
				F823E3E0DC86A41486B79F08 /* [CP] Embed Pods Frameworks */,
			);
			buildRules = (
			);
			dependencies = (
				3CEB644424CEC742004D8C3C /* PBXTargetDependency */,
				3CDBF2EF25186DC100F84F66 /* PBXTargetDependency */,
			);
			name = PinPhoto;
			productName = PinPhoto;
			productReference = 3CF8B44724A9CBA300D6C11C /* PinPhoto.app */;
			productType = "com.apple.product-type.application";
		};
/* End PBXNativeTarget section */

/* Begin PBXProject section */
		3CF8B43F24A9CBA300D6C11C /* Project object */ = {
			isa = PBXProject;
			attributes = {
				LastSwiftUpdateCheck = 1200;
				LastUpgradeCheck = 1200;
				ORGANIZATIONNAME = "won heo";
				TargetAttributes = {
					3CDBF2DF25186DBE00F84F66 = {
						CreatedOnToolsVersion = 12.0;
					};
					3CEB643824CEC742004D8C3C = {
						CreatedOnToolsVersion = 11.6;
					};
					3CF8B44624A9CBA300D6C11C = {
						CreatedOnToolsVersion = 11.5;
					};
				};
			};
			buildConfigurationList = 3CF8B44224A9CBA300D6C11C /* Build configuration list for PBXProject "PinPhoto" */;
			compatibilityVersion = "Xcode 9.3";
			developmentRegion = en;
			hasScannedForEncodings = 0;
			knownRegions = (
				en,
				Base,
				ko,
				ja,
			);
			mainGroup = 3CF8B43E24A9CBA300D6C11C;
			productRefGroup = 3CF8B44824A9CBA300D6C11C /* Products */;
			projectDirPath = "";
			projectRoot = "";
			targets = (
				3CF8B44624A9CBA300D6C11C /* PinPhoto */,
				3CEB643824CEC742004D8C3C /* PinPhotoExtension */,
				3CDBF2DF25186DBE00F84F66 /* PinPhotoWidgetExtension */,
			);
		};
/* End PBXProject section */

/* Begin PBXResourcesBuildPhase section */
		3CDBF2DE25186DBE00F84F66 /* Resources */ = {
			isa = PBXResourcesBuildPhase;
			buildActionMask = 2147483647;
			files = (
				3C4C579225186F7800B28A01 /* Assets.xcassets in Resources */,
				3CAC4C3425468A8400ACE418 /* Localizable.strings in Resources */,
				3CDBF2EA25186DC100F84F66 /* Assets.xcassets in Resources */,
			);
			runOnlyForDeploymentPostprocessing = 0;
		};
		3CEB643724CEC742004D8C3C /* Resources */ = {
			isa = PBXResourcesBuildPhase;
			buildActionMask = 2147483647;
			files = (
				3CC13F5024D0259100726E51 /* Assets.xcassets in Resources */,
				BFC7521B254D7A4B00C34E63 /* InfoPlist.strings in Resources */,
				3CAC4C3325468A8400ACE418 /* Localizable.strings in Resources */,
				3CEB644124CEC742004D8C3C /* MainInterface.storyboard in Resources */,
			);
			runOnlyForDeploymentPostprocessing = 0;
		};
		3CF8B44524A9CBA300D6C11C /* Resources */ = {
			isa = PBXResourcesBuildPhase;
			buildActionMask = 2147483647;
			files = (
				3CCA19652508981F00F9CCEB /* HomeHeaderViewCell.xib in Resources */,
				3C8C6C6024EA368400689329 /* Home.storyboard in Resources */,
				3CAC4CB925486C3200ACE418 /* Group.storyboard in Resources */,
				3C070A9824D3E3E90077C3AE /* Assets.xcassets in Resources */,
				3CCA19692508BD9700F9CCEB /* HomeSectionReusableView.xib in Resources */,
				3C0C004C24EA4F4500BF137B /* CreateTextItem.storyboard in Resources */,
				3CD247B925023434006F8757 /* SelectGroup.storyboard in Resources */,
				3CCA196E2508DBC300F9CCEB /* HomeGroupViewCell.xib in Resources */,
				3CAC4CC825486E6E00ACE418 /* Setting.storyboard in Resources */,
				BF3FCA612550E882002B5AB5 /* HomeDetail.storyboard in Resources */,
				3C0C005024EA50D200BF137B /* EditTextItem.storyboard in Resources */,
				3C9D666224ECB51C00021E48 /* SettingWidget.storyboard in Resources */,
				3CF8B45724A9CBA700D6C11C /* LaunchScreen.storyboard in Resources */,
				3CAC4C3225468A8400ACE418 /* Localizable.strings in Resources */,
				3C0C004A24EA4F1A00BF137B /* Manual.storyboard in Resources */,
				3C33F24B2549AF3F009406CF /* InfoPlist.strings in Resources */,
				3C0C004E24EA4FED00BF137B /* EditImageItem.storyboard in Resources */,
				BF13206525614642006FB5B7 /* SettingHomeWidget.storyboard in Resources */,
				BF01EBC1255ADA370036E8EC /* GoogleService-Info.plist in Resources */,
				3CAC4CA725486B6F00ACE418 /* Search.storyboard in Resources */,
				3CF8B45224A9CBA300D6C11C /* Main.storyboard in Resources */,
			);
			runOnlyForDeploymentPostprocessing = 0;
		};
/* End PBXResourcesBuildPhase section */

/* Begin PBXShellScriptBuildPhase section */
		0E0FA6BDE5AE7D294CFE9260 /* [CP] Check Pods Manifest.lock */ = {
			isa = PBXShellScriptBuildPhase;
			buildActionMask = 2147483647;
			files = (
			);
			inputFileListPaths = (
			);
			inputPaths = (
				"${PODS_PODFILE_DIR_PATH}/Podfile.lock",
				"${PODS_ROOT}/Manifest.lock",
			);
			name = "[CP] Check Pods Manifest.lock";
			outputFileListPaths = (
			);
			outputPaths = (
				"$(DERIVED_FILE_DIR)/Pods-PinPhotoExtension-checkManifestLockResult.txt",
			);
			runOnlyForDeploymentPostprocessing = 0;
			shellPath = /bin/sh;
			shellScript = "diff \"${PODS_PODFILE_DIR_PATH}/Podfile.lock\" \"${PODS_ROOT}/Manifest.lock\" > /dev/null\nif [ $? != 0 ] ; then\n    # print error to STDERR\n    echo \"error: The sandbox is not in sync with the Podfile.lock. Run 'pod install' or update your CocoaPods installation.\" >&2\n    exit 1\nfi\n# This output is used by Xcode 'outputs' to avoid re-running this script phase.\necho \"SUCCESS\" > \"${SCRIPT_OUTPUT_FILE_0}\"\n";
			showEnvVarsInLog = 0;
		};
		8758A29B7180F601CF37ED1A /* [CP] Check Pods Manifest.lock */ = {
			isa = PBXShellScriptBuildPhase;
			buildActionMask = 2147483647;
			files = (
			);
			inputFileListPaths = (
			);
			inputPaths = (
				"${PODS_PODFILE_DIR_PATH}/Podfile.lock",
				"${PODS_ROOT}/Manifest.lock",
			);
			name = "[CP] Check Pods Manifest.lock";
			outputFileListPaths = (
			);
			outputPaths = (
				"$(DERIVED_FILE_DIR)/Pods-PinPhoto-checkManifestLockResult.txt",
			);
			runOnlyForDeploymentPostprocessing = 0;
			shellPath = /bin/sh;
			shellScript = "diff \"${PODS_PODFILE_DIR_PATH}/Podfile.lock\" \"${PODS_ROOT}/Manifest.lock\" > /dev/null\nif [ $? != 0 ] ; then\n    # print error to STDERR\n    echo \"error: The sandbox is not in sync with the Podfile.lock. Run 'pod install' or update your CocoaPods installation.\" >&2\n    exit 1\nfi\n# This output is used by Xcode 'outputs' to avoid re-running this script phase.\necho \"SUCCESS\" > \"${SCRIPT_OUTPUT_FILE_0}\"\n";
			showEnvVarsInLog = 0;
		};
		92EECC3DD290FF6A24415647 /* [CP] Check Pods Manifest.lock */ = {
			isa = PBXShellScriptBuildPhase;
			buildActionMask = 2147483647;
			files = (
			);
			inputFileListPaths = (
			);
			inputPaths = (
				"${PODS_PODFILE_DIR_PATH}/Podfile.lock",
				"${PODS_ROOT}/Manifest.lock",
			);
			name = "[CP] Check Pods Manifest.lock";
			outputFileListPaths = (
			);
			outputPaths = (
				"$(DERIVED_FILE_DIR)/Pods-PinPhotoWidgetExtension-checkManifestLockResult.txt",
			);
			runOnlyForDeploymentPostprocessing = 0;
			shellPath = /bin/sh;
			shellScript = "diff \"${PODS_PODFILE_DIR_PATH}/Podfile.lock\" \"${PODS_ROOT}/Manifest.lock\" > /dev/null\nif [ $? != 0 ] ; then\n    # print error to STDERR\n    echo \"error: The sandbox is not in sync with the Podfile.lock. Run 'pod install' or update your CocoaPods installation.\" >&2\n    exit 1\nfi\n# This output is used by Xcode 'outputs' to avoid re-running this script phase.\necho \"SUCCESS\" > \"${SCRIPT_OUTPUT_FILE_0}\"\n";
			showEnvVarsInLog = 0;
		};
		F823E3E0DC86A41486B79F08 /* [CP] Embed Pods Frameworks */ = {
			isa = PBXShellScriptBuildPhase;
			buildActionMask = 2147483647;
			files = (
			);
			inputFileListPaths = (
				"${PODS_ROOT}/Target Support Files/Pods-PinPhoto/Pods-PinPhoto-frameworks-${CONFIGURATION}-input-files.xcfilelist",
			);
			name = "[CP] Embed Pods Frameworks";
			outputFileListPaths = (
				"${PODS_ROOT}/Target Support Files/Pods-PinPhoto/Pods-PinPhoto-frameworks-${CONFIGURATION}-output-files.xcfilelist",
			);
			runOnlyForDeploymentPostprocessing = 0;
			shellPath = /bin/sh;
			shellScript = "\"${PODS_ROOT}/Target Support Files/Pods-PinPhoto/Pods-PinPhoto-frameworks.sh\"\n";
			showEnvVarsInLog = 0;
		};
/* End PBXShellScriptBuildPhase section */

/* Begin PBXSourcesBuildPhase section */
		3CDBF2DC25186DBE00F84F66 /* Sources */ = {
			isa = PBXSourcesBuildPhase;
			buildActionMask = 2147483647;
			files = (
				3C4C57A3251ADBC900B28A01 /* GroupViewModel.swift in Sources */,
				3C4C5799251ADB4200B28A01 /* Item+CoreDataProperties.swift in Sources */,
				3CDBF2E725186DBF00F84F66 /* PinPhotoWidget.swift in Sources */,
				3C4C5796251ADB4200B28A01 /* ItemCopy.swift in Sources */,
				3C4C57CE251ADD9A00B28A01 /* UIColorExtension.swift in Sources */,
				3C4C57A4251ADBC900B28A01 /* WidgetViewModel.swift in Sources */,
				3C4C57CA251ADD9700B28A01 /* URLextension.swift in Sources */,
				3C4C579D251ADB4200B28A01 /* Group.swift in Sources */,
				3C4C57D5251ADDAC00B28A01 /* ItemObserver.swift in Sources */,
				3C4C57CF251ADD9A00B28A01 /* ConvertImageToData.swift in Sources */,
				3C4C579C251ADB4200B28A01 /* Item+CoreDataClass.swift in Sources */,
				3C4C57B4251ADC1600B28A01 /* Item.xcdatamodeld in Sources */,
				3C4C57D0251ADD9A00B28A01 /* ClassNameToString.swift in Sources */,
				3C4C57A2251ADBC900B28A01 /* ItemViewModel.swift in Sources */,
				3C4C579B251ADB4200B28A01 /* GroupDataManager.swift in Sources */,
				3C4C579E251ADB4200B28A01 /* ItemType.swift in Sources */,
				3C4C5797251ADB4200B28A01 /* SelectionType.swift in Sources */,
				3C4C5798251ADB4200B28A01 /* CoreDataType.swift in Sources */,
				3C4C57FA251ADE9600B28A01 /* CoreDataManager.swift in Sources */,
				BF3FCA7C25536575002B5AB5 /* GroupObserver.swift in Sources */,
				3CDBF2EC25186DC100F84F66 /* PinPhotoWidget.intentdefinition in Sources */,
				3CAC4C4225468E0900ACE418 /* LocalizedExtension.swift in Sources */,
			);
			runOnlyForDeploymentPostprocessing = 0;
		};
		3CEB643524CEC742004D8C3C /* Sources */ = {
			isa = PBXSourcesBuildPhase;
			buildActionMask = 2147483647;
			files = (
				3C42652324FD1BCE00FA4F03 /* ClassNameToString.swift in Sources */,
				3CF6C301250DDCC400548737 /* Group.swift in Sources */,
				3C5BC0D72513743A00A74F4E /* ItemCopy.swift in Sources */,
				3CF6C302250DDCC600548737 /* ItemType.swift in Sources */,
				3C4C57B0251ADBD400B28A01 /* SelectionType.swift in Sources */,
				3C42652024FD1BA700FA4F03 /* Item+CoreDataProperties.swift in Sources */,
				3CF07B9524FE387E006D48CE /* WidgetViewModel.swift in Sources */,
				3CF6C300250DDCC100548737 /* GroupDataManager.swift in Sources */,
				3CEB644C24CF01B5004D8C3C /* Item.xcdatamodeld in Sources */,
				BF3FCA7825536574002B5AB5 /* GroupObserver.swift in Sources */,
				3C42652624FD1EC800FA4F03 /* ItemViewModel.swift in Sources */,
				3C42652524FD1D4800FA4F03 /* URLextension.swift in Sources */,
				3C76EEFC250C964F003B298D /* CoreDataType.swift in Sources */,
				3C070A9024D26F670077C3AE /* ExtensionItemCell.swift in Sources */,
				3C42652224FD1BBA00FA4F03 /* ItemObserver.swift in Sources */,
				3C42651F24FD1BA000FA4F03 /* CoreDataManager.swift in Sources */,
				3C585BD024FD33A600203C18 /* ConvertImageToData.swift in Sources */,
				3CEB643E24CEC742004D8C3C /* TodayViewController.swift in Sources */,
				3CAC4C4125468E0900ACE418 /* LocalizedExtension.swift in Sources */,
				3C4C57D1251ADD9B00B28A01 /* UIColorExtension.swift in Sources */,
				3C4C57E5251ADDFA00B28A01 /* AppDelegate.swift in Sources */,
				3C42652124FD1BAA00FA4F03 /* Item+CoreDataClass.swift in Sources */,
				3CF6C2FF250DDCBD00548737 /* GroupViewModel.swift in Sources */,
			);
			runOnlyForDeploymentPostprocessing = 0;
		};
		3CF8B44324A9CBA300D6C11C /* Sources */ = {
			isa = PBXSourcesBuildPhase;
			buildActionMask = 2147483647;
			files = (
				3CF07B9424FE387E006D48CE /* WidgetViewModel.swift in Sources */,
				3C33F290254A5C5B009406CF /* DateExtension.swift in Sources */,
				3C585BCF24FD33A600203C18 /* ConvertImageToData.swift in Sources */,
				3C76EEFB250C951E003B298D /* CoreDataType.swift in Sources */,
				3CCA19682508BD9700F9CCEB /* HomeSectionReusableView.swift in Sources */,
				3CF52DF924BF0D6400E7B8D4 /* ItemViewModel.swift in Sources */,
				3CCA196D2508DBC300F9CCEB /* HomeGroupViewCell.swift in Sources */,
				BF13207525614AAF006FB5B7 /* SettingHomeWidgetSwitchCell.swift in Sources */,
				3C3ACC9024BB558B00311F7A /* Item.xcdatamodeld in Sources */,
				3CF07B9A24FE4B67006D48CE /* GroupViewController.swift in Sources */,
				3CAA167E24BC211200635F6D /* ItemCustomCell.swift in Sources */,
				3C070AA324D419600077C3AE /* ItemObserver.swift in Sources */,
				3CAC4C4025468E0900ACE418 /* LocalizedExtension.swift in Sources */,
				3C21CC0724BEDC10004BEAF0 /* CreateTextItemViewController.swift in Sources */,
				3C38CB0A2500E4A4007B6283 /* GroupViewModel.swift in Sources */,
				3CCA560224D6853F00F32671 /* ManualViewController.swift in Sources */,
				3C8AA01024B05D32005EB75C /* SettingViewController.swift in Sources */,
				3CD247BB25023973006F8757 /* UIColorExtension.swift in Sources */,
				3C3ACC9924BB5C2100311F7A /* Item+CoreDataClass.swift in Sources */,
				3CD4D53325020AB8002F1B7C /* SelectGroupViewController.swift in Sources */,
				BF3FCA7425536550002B5AB5 /* GroupObserver.swift in Sources */,
				3C3ACC9A24BB5C2100311F7A /* Item+CoreDataProperties.swift in Sources */,
				3C0C005224EA581900BF137B /* ClassNameToString.swift in Sources */,
				3C25284E24EFD2C4002ADBDC /* HomeNavigationController.swift in Sources */,
				BF13207A25614B6E006FB5B7 /* SettingHomeWidgetPickerCell.swift in Sources */,
				3C070A9524D3A4CA0077C3AE /* EditTextItemViewController.swift in Sources */,
				3CEB644E24CF109A004D8C3C /* URLextension.swift in Sources */,
				3C070A9724D3BAB30077C3AE /* EditImageItemViewController.swift in Sources */,
				3CCA19642508981F00F9CCEB /* HomeHeaderViewCell.swift in Sources */,
				3CF8B44B24A9CBA300D6C11C /* AppDelegate.swift in Sources */,
				3CB8E0A124F1436D00FEE93C /* SettingWidgetSliderCell.swift in Sources */,
				3CC7888925110A7B00C5C42B /* SelectionType.swift in Sources */,
				3C38CB052500E06C007B6283 /* Group.swift in Sources */,
				3CB8E0A324F1482600FEE93C /* SettingWidgetSwitchCell.swift in Sources */,
				3CF8B44D24A9CBA300D6C11C /* SceneDelegate.swift in Sources */,
				3C4D13A024AB716B009BDCDE /* HomeDetailViewController.swift in Sources */,
				BF13206D256148C9006FB5B7 /* SettingHomeWidgetViewController.swift in Sources */,
				3C5BC0D6251257DB00A74F4E /* ItemCopy.swift in Sources */,
				3C76EEF1250C8E1E003B298D /* ItemType.swift in Sources */,
				3CCA560424D697EE00F32671 /* ManualCustomCell.swift in Sources */,
				3C9D666424ECD0B900021E48 /* SettingWidgetViewController.swift in Sources */,
				3C3ACC9624BB5BD600311F7A /* CoreDataManager.swift in Sources */,
				3C38CB082500E17D007B6283 /* GroupDataManager.swift in Sources */,
				3CD4D52F2502064B002F1B7C /* SearchViewController.swift in Sources */,
				3C23693225036ADF0064637A /* HomeViewController.swift in Sources */,
			);
			runOnlyForDeploymentPostprocessing = 0;
		};
/* End PBXSourcesBuildPhase section */

/* Begin PBXTargetDependency section */
		3CDBF2EF25186DC100F84F66 /* PBXTargetDependency */ = {
			isa = PBXTargetDependency;
			target = 3CDBF2DF25186DBE00F84F66 /* PinPhotoWidgetExtension */;
			targetProxy = 3CDBF2EE25186DC100F84F66 /* PBXContainerItemProxy */;
		};
		3CEB644424CEC742004D8C3C /* PBXTargetDependency */ = {
			isa = PBXTargetDependency;
			target = 3CEB643824CEC742004D8C3C /* PinPhotoExtension */;
			targetProxy = 3CEB644324CEC742004D8C3C /* PBXContainerItemProxy */;
		};
/* End PBXTargetDependency section */

/* Begin PBXVariantGroup section */
		3C33F24D2549AF3F009406CF /* InfoPlist.strings */ = {
			isa = PBXVariantGroup;
			children = (
				3C33F24C2549AF3F009406CF /* en */,
				3C33F24E2549AF44009406CF /* ja */,
				3C33F24F2549AF45009406CF /* ko */,
			);
			name = InfoPlist.strings;
			sourceTree = "<group>";
		};
		3CAC4C3625468A8400ACE418 /* Localizable.strings */ = {
			isa = PBXVariantGroup;
			children = (
				3CAC4C3525468A8400ACE418 /* en */,
				3CAC4C3A25468AB400ACE418 /* ko */,
				3CAC4C3B25468ABE00ACE418 /* ja */,
			);
			name = Localizable.strings;
			sourceTree = "<group>";
		};
		3CAC4CA925486B6F00ACE418 /* Search.storyboard */ = {
			isa = PBXVariantGroup;
			children = (
				3CAC4CA825486B6F00ACE418 /* Base */,
				3CAC4CAB25486B7200ACE418 /* en */,
				3CAC4CAD25486BA200ACE418 /* ja */,
				3CAC4CAF25486BAF00ACE418 /* ko */,
			);
			name = Search.storyboard;
			sourceTree = "<group>";
		};
		3CAC4CBB25486C3200ACE418 /* Group.storyboard */ = {
			isa = PBXVariantGroup;
			children = (
				3CAC4CBA25486C3200ACE418 /* Base */,
				3CAC4CC025486C3700ACE418 /* en */,
				3CAC4CC225486D5A00ACE418 /* ja */,
				3CAC4CC425486DB700ACE418 /* ko */,
			);
			name = Group.storyboard;
			sourceTree = "<group>";
		};
		3CAC4CCA25486E6E00ACE418 /* Setting.storyboard */ = {
			isa = PBXVariantGroup;
			children = (
				3CAC4CC925486E6E00ACE418 /* Base */,
				3CAC4CCF25486E7100ACE418 /* en */,
				3CAC4CD425486EA200ACE418 /* ja */,
				3CAC4CD625486EB000ACE418 /* ko */,
			);
			name = Setting.storyboard;
			sourceTree = "<group>";
		};
		3CEB643F24CEC742004D8C3C /* MainInterface.storyboard */ = {
			isa = PBXVariantGroup;
			children = (
				3CEB644024CEC742004D8C3C /* Base */,
				BFC75227254D7B0F00C34E63 /* en */,
				BFC75229254D7B1200C34E63 /* ja */,
				BFC7522B254D7B1600C34E63 /* ko */,
			);
			name = MainInterface.storyboard;
			sourceTree = "<group>";
		};
		3CF8B45024A9CBA300D6C11C /* Main.storyboard */ = {
			isa = PBXVariantGroup;
			children = (
				3CF8B45124A9CBA300D6C11C /* Base */,
			);
			name = Main.storyboard;
			sourceTree = "<group>";
		};
		3CF8B45524A9CBA700D6C11C /* LaunchScreen.storyboard */ = {
			isa = PBXVariantGroup;
			children = (
				3CF8B45624A9CBA700D6C11C /* Base */,
			);
			name = LaunchScreen.storyboard;
			sourceTree = "<group>";
		};
		BF3FCA632550E882002B5AB5 /* HomeDetail.storyboard */ = {
			isa = PBXVariantGroup;
			children = (
				BF3FCA622550E882002B5AB5 /* Base */,
				BF3FCA682550E886002B5AB5 /* en */,
				BF3FCA6A2550E8BA002B5AB5 /* ja */,
				BF3FCA6F2550E8EE002B5AB5 /* ko */,
			);
			name = HomeDetail.storyboard;
			sourceTree = "<group>";
		};
		BFC7521D254D7A4B00C34E63 /* InfoPlist.strings */ = {
			isa = PBXVariantGroup;
			children = (
				BFC7521C254D7A4B00C34E63 /* en */,
				BFC75221254D7A5500C34E63 /* ja */,
				BFC75222254D7A5700C34E63 /* ko */,
			);
			name = InfoPlist.strings;
			sourceTree = "<group>";
		};
/* End PBXVariantGroup section */

/* Begin XCBuildConfiguration section */
		3CDBF2F125186DC100F84F66 /* Debug */ = {
			isa = XCBuildConfiguration;
			baseConfigurationReference = 53D1D62CEDE3097467685511 /* Pods-PinPhotoWidgetExtension.debug.xcconfig */;
			buildSettings = {
				ASSETCATALOG_COMPILER_GLOBAL_ACCENT_COLOR_NAME = AccentColor;
				ASSETCATALOG_COMPILER_WIDGET_BACKGROUND_COLOR_NAME = WidgetBackground;
				CODE_SIGN_ENTITLEMENTS = PinPhotoWidgetExtension.entitlements;
				CODE_SIGN_STYLE = Automatic;
				CURRENT_PROJECT_VERSION = 1.4.4;
				DEVELOPMENT_TEAM = HK54HM2TC6;
				INFOPLIST_FILE = PinPhotoWidget/Info.plist;
				IPHONEOS_DEPLOYMENT_TARGET = 14.0;
				LD_RUNPATH_SEARCH_PATHS = (
					"$(inherited)",
					"@executable_path/Frameworks",
					"@executable_path/../../Frameworks",
				);
				MARKETING_VERSION = 1.4.4;
				PRODUCT_BUNDLE_IDENTIFIER = com.wonheo.PinPhoto.PinPhotoWidget;
				PRODUCT_NAME = "$(TARGET_NAME)";
				SKIP_INSTALL = YES;
				SWIFT_VERSION = 5.0;
				TARGETED_DEVICE_FAMILY = 1;
			};
			name = Debug;
		};
		3CDBF2F225186DC100F84F66 /* Release */ = {
			isa = XCBuildConfiguration;
			baseConfigurationReference = D50908D6AEFCF2463675C346 /* Pods-PinPhotoWidgetExtension.release.xcconfig */;
			buildSettings = {
				ASSETCATALOG_COMPILER_GLOBAL_ACCENT_COLOR_NAME = AccentColor;
				ASSETCATALOG_COMPILER_WIDGET_BACKGROUND_COLOR_NAME = WidgetBackground;
				CODE_SIGN_ENTITLEMENTS = PinPhotoWidgetExtension.entitlements;
				CODE_SIGN_STYLE = Automatic;
				CURRENT_PROJECT_VERSION = 1.4.4;
				DEVELOPMENT_TEAM = HK54HM2TC6;
				INFOPLIST_FILE = PinPhotoWidget/Info.plist;
				IPHONEOS_DEPLOYMENT_TARGET = 14.0;
				LD_RUNPATH_SEARCH_PATHS = (
					"$(inherited)",
					"@executable_path/Frameworks",
					"@executable_path/../../Frameworks",
				);
				MARKETING_VERSION = 1.4.4;
				PRODUCT_BUNDLE_IDENTIFIER = com.wonheo.PinPhoto.PinPhotoWidget;
				PRODUCT_NAME = "$(TARGET_NAME)";
				SKIP_INSTALL = YES;
				SWIFT_VERSION = 5.0;
				TARGETED_DEVICE_FAMILY = 1;
			};
			name = Release;
		};
		3CEB644724CEC742004D8C3C /* Debug */ = {
			isa = XCBuildConfiguration;
			baseConfigurationReference = D015C89250D6C3BF48144A61 /* Pods-PinPhotoExtension.debug.xcconfig */;
			buildSettings = {
				ALWAYS_EMBED_SWIFT_STANDARD_LIBRARIES = NO;
				CODE_SIGN_ENTITLEMENTS = PinPhotoExtension/PinPhotoExtension.entitlements;
				CODE_SIGN_STYLE = Automatic;
				CURRENT_PROJECT_VERSION = 1.4.4;
				DEVELOPMENT_TEAM = HK54HM2TC6;
				INFOPLIST_FILE = PinPhotoExtension/Info.plist;
				IPHONEOS_DEPLOYMENT_TARGET = 13.0;
				LD_RUNPATH_SEARCH_PATHS = (
					/usr/lib/swift,
					"$(inherited)",
					"@executable_path/Frameworks",
					"@executable_path/../../Frameworks",
				);
				MARKETING_VERSION = 1.4.4;
				PRODUCT_BUNDLE_IDENTIFIER = com.wonheo.PinPhoto.PinPhotoExtension;
				PRODUCT_NAME = PinPhotoExtension;
				SKIP_INSTALL = YES;
				SWIFT_VERSION = 5.0;
				TARGETED_DEVICE_FAMILY = 1;
			};
			name = Debug;
		};
		3CEB644824CEC742004D8C3C /* Release */ = {
			isa = XCBuildConfiguration;
			baseConfigurationReference = 54A8157C6B59B1A1802A8964 /* Pods-PinPhotoExtension.release.xcconfig */;
			buildSettings = {
				ALWAYS_EMBED_SWIFT_STANDARD_LIBRARIES = NO;
				CODE_SIGN_ENTITLEMENTS = PinPhotoExtension/PinPhotoExtension.entitlements;
				CODE_SIGN_STYLE = Automatic;
				CURRENT_PROJECT_VERSION = 1.4.4;
				DEVELOPMENT_TEAM = HK54HM2TC6;
				INFOPLIST_FILE = PinPhotoExtension/Info.plist;
				IPHONEOS_DEPLOYMENT_TARGET = 13.0;
				LD_RUNPATH_SEARCH_PATHS = (
					/usr/lib/swift,
					"$(inherited)",
					"@executable_path/Frameworks",
					"@executable_path/../../Frameworks",
				);
				MARKETING_VERSION = 1.4.4;
				PRODUCT_BUNDLE_IDENTIFIER = com.wonheo.PinPhoto.PinPhotoExtension;
				PRODUCT_NAME = PinPhotoExtension;
				SKIP_INSTALL = YES;
				SWIFT_VERSION = 5.0;
				TARGETED_DEVICE_FAMILY = 1;
			};
			name = Release;
		};
		3CF8B45924A9CBA700D6C11C /* Debug */ = {
			isa = XCBuildConfiguration;
			buildSettings = {
				ALWAYS_SEARCH_USER_PATHS = NO;
				APPLICATION_EXTENSION_API_ONLY = NO;
				CLANG_ANALYZER_LOCALIZABILITY_NONLOCALIZED = YES;
				CLANG_ANALYZER_NONNULL = YES;
				CLANG_ANALYZER_NUMBER_OBJECT_CONVERSION = YES_AGGRESSIVE;
				CLANG_CXX_LANGUAGE_STANDARD = "gnu++14";
				CLANG_CXX_LIBRARY = "libc++";
				CLANG_ENABLE_MODULES = YES;
				CLANG_ENABLE_OBJC_ARC = YES;
				CLANG_ENABLE_OBJC_WEAK = YES;
				CLANG_WARN_BLOCK_CAPTURE_AUTORELEASING = YES;
				CLANG_WARN_BOOL_CONVERSION = YES;
				CLANG_WARN_COMMA = YES;
				CLANG_WARN_CONSTANT_CONVERSION = YES;
				CLANG_WARN_DEPRECATED_OBJC_IMPLEMENTATIONS = YES;
				CLANG_WARN_DIRECT_OBJC_ISA_USAGE = YES_ERROR;
				CLANG_WARN_DOCUMENTATION_COMMENTS = YES;
				CLANG_WARN_EMPTY_BODY = YES;
				CLANG_WARN_ENUM_CONVERSION = YES;
				CLANG_WARN_INFINITE_RECURSION = YES;
				CLANG_WARN_INT_CONVERSION = YES;
				CLANG_WARN_NON_LITERAL_NULL_CONVERSION = YES;
				CLANG_WARN_OBJC_IMPLICIT_RETAIN_SELF = YES;
				CLANG_WARN_OBJC_LITERAL_CONVERSION = YES;
				CLANG_WARN_OBJC_ROOT_CLASS = YES_ERROR;
				CLANG_WARN_QUOTED_INCLUDE_IN_FRAMEWORK_HEADER = YES;
				CLANG_WARN_RANGE_LOOP_ANALYSIS = YES;
				CLANG_WARN_STRICT_PROTOTYPES = YES;
				CLANG_WARN_SUSPICIOUS_MOVE = YES;
				CLANG_WARN_UNGUARDED_AVAILABILITY = YES_AGGRESSIVE;
				CLANG_WARN_UNREACHABLE_CODE = YES;
				CLANG_WARN__DUPLICATE_METHOD_MATCH = YES;
				COPY_PHASE_STRIP = NO;
				DEBUG_INFORMATION_FORMAT = dwarf;
				DEVELOPMENT_TEAM = HK54HM2TC6;
				ENABLE_STRICT_OBJC_MSGSEND = YES;
				ENABLE_TESTABILITY = YES;
				GCC_C_LANGUAGE_STANDARD = gnu11;
				GCC_DYNAMIC_NO_PIC = NO;
				GCC_NO_COMMON_BLOCKS = YES;
				GCC_OPTIMIZATION_LEVEL = 0;
				GCC_PREPROCESSOR_DEFINITIONS = (
					"DEBUG=1",
					"$(inherited)",
				);
				GCC_WARN_64_TO_32_BIT_CONVERSION = YES;
				GCC_WARN_ABOUT_RETURN_TYPE = YES_ERROR;
				GCC_WARN_UNDECLARED_SELECTOR = YES;
				GCC_WARN_UNINITIALIZED_AUTOS = YES_AGGRESSIVE;
				GCC_WARN_UNUSED_FUNCTION = YES;
				GCC_WARN_UNUSED_VARIABLE = YES;
				IPHONEOS_DEPLOYMENT_TARGET = 13.0;
				MTL_ENABLE_DEBUG_INFO = INCLUDE_SOURCE;
				MTL_FAST_MATH = YES;
				ONLY_ACTIVE_ARCH = YES;
				SDKROOT = iphoneos;
				SWIFT_ACTIVE_COMPILATION_CONDITIONS = DEBUG;
				SWIFT_OPTIMIZATION_LEVEL = "-Onone";
			};
			name = Debug;
		};
		3CF8B45A24A9CBA700D6C11C /* Release */ = {
			isa = XCBuildConfiguration;
			buildSettings = {
				ALWAYS_SEARCH_USER_PATHS = NO;
				APPLICATION_EXTENSION_API_ONLY = NO;
				CLANG_ANALYZER_LOCALIZABILITY_NONLOCALIZED = YES;
				CLANG_ANALYZER_NONNULL = YES;
				CLANG_ANALYZER_NUMBER_OBJECT_CONVERSION = YES_AGGRESSIVE;
				CLANG_CXX_LANGUAGE_STANDARD = "gnu++14";
				CLANG_CXX_LIBRARY = "libc++";
				CLANG_ENABLE_MODULES = YES;
				CLANG_ENABLE_OBJC_ARC = YES;
				CLANG_ENABLE_OBJC_WEAK = YES;
				CLANG_WARN_BLOCK_CAPTURE_AUTORELEASING = YES;
				CLANG_WARN_BOOL_CONVERSION = YES;
				CLANG_WARN_COMMA = YES;
				CLANG_WARN_CONSTANT_CONVERSION = YES;
				CLANG_WARN_DEPRECATED_OBJC_IMPLEMENTATIONS = YES;
				CLANG_WARN_DIRECT_OBJC_ISA_USAGE = YES_ERROR;
				CLANG_WARN_DOCUMENTATION_COMMENTS = YES;
				CLANG_WARN_EMPTY_BODY = YES;
				CLANG_WARN_ENUM_CONVERSION = YES;
				CLANG_WARN_INFINITE_RECURSION = YES;
				CLANG_WARN_INT_CONVERSION = YES;
				CLANG_WARN_NON_LITERAL_NULL_CONVERSION = YES;
				CLANG_WARN_OBJC_IMPLICIT_RETAIN_SELF = YES;
				CLANG_WARN_OBJC_LITERAL_CONVERSION = YES;
				CLANG_WARN_OBJC_ROOT_CLASS = YES_ERROR;
				CLANG_WARN_QUOTED_INCLUDE_IN_FRAMEWORK_HEADER = YES;
				CLANG_WARN_RANGE_LOOP_ANALYSIS = YES;
				CLANG_WARN_STRICT_PROTOTYPES = YES;
				CLANG_WARN_SUSPICIOUS_MOVE = YES;
				CLANG_WARN_UNGUARDED_AVAILABILITY = YES_AGGRESSIVE;
				CLANG_WARN_UNREACHABLE_CODE = YES;
				CLANG_WARN__DUPLICATE_METHOD_MATCH = YES;
				COPY_PHASE_STRIP = NO;
				DEBUG_INFORMATION_FORMAT = "dwarf-with-dsym";
				DEVELOPMENT_TEAM = HK54HM2TC6;
				ENABLE_NS_ASSERTIONS = NO;
				ENABLE_STRICT_OBJC_MSGSEND = YES;
				GCC_C_LANGUAGE_STANDARD = gnu11;
				GCC_NO_COMMON_BLOCKS = YES;
				GCC_WARN_64_TO_32_BIT_CONVERSION = YES;
				GCC_WARN_ABOUT_RETURN_TYPE = YES_ERROR;
				GCC_WARN_UNDECLARED_SELECTOR = YES;
				GCC_WARN_UNINITIALIZED_AUTOS = YES_AGGRESSIVE;
				GCC_WARN_UNUSED_FUNCTION = YES;
				GCC_WARN_UNUSED_VARIABLE = YES;
				IPHONEOS_DEPLOYMENT_TARGET = 13.0;
				MTL_ENABLE_DEBUG_INFO = NO;
				MTL_FAST_MATH = YES;
				SDKROOT = iphoneos;
				SWIFT_COMPILATION_MODE = wholemodule;
				SWIFT_OPTIMIZATION_LEVEL = "-O";
				VALIDATE_PRODUCT = YES;
			};
			name = Release;
		};
		3CF8B45C24A9CBA700D6C11C /* Debug */ = {
			isa = XCBuildConfiguration;
			baseConfigurationReference = 80EE58D3FBED7D66C4295092 /* Pods-PinPhoto.debug.xcconfig */;
			buildSettings = {
				ALWAYS_EMBED_SWIFT_STANDARD_LIBRARIES = YES;
				APPLICATION_EXTENSION_API_ONLY = NO;
				ASSETCATALOG_COMPILER_APPICON_NAME = AppIcon;
				CODE_SIGN_ENTITLEMENTS = PinPhoto/PinPhoto.entitlements;
				CODE_SIGN_STYLE = Automatic;
				CURRENT_PROJECT_VERSION = 1.4.4;
				DEVELOPMENT_TEAM = HK54HM2TC6;
				INFOPLIST_FILE = PinPhoto/Info.plist;
				IPHONEOS_DEPLOYMENT_TARGET = 13.0;
				LD_RUNPATH_SEARCH_PATHS = (
					"$(inherited)",
					"@executable_path/Frameworks",
				);
				MARKETING_VERSION = 1.4.4;
				PRODUCT_BUNDLE_IDENTIFIER = com.wonheo.PinPhoto;
				PRODUCT_NAME = PinPhoto;
				SWIFT_VERSION = 5.0;
				TARGETED_DEVICE_FAMILY = 1;
			};
			name = Debug;
		};
		3CF8B45D24A9CBA700D6C11C /* Release */ = {
			isa = XCBuildConfiguration;
			baseConfigurationReference = A1624057D1CAB01FABDD5A48 /* Pods-PinPhoto.release.xcconfig */;
			buildSettings = {
				ALWAYS_EMBED_SWIFT_STANDARD_LIBRARIES = YES;
				APPLICATION_EXTENSION_API_ONLY = NO;
				ASSETCATALOG_COMPILER_APPICON_NAME = AppIcon;
				CODE_SIGN_ENTITLEMENTS = PinPhoto/PinPhoto.entitlements;
				CODE_SIGN_STYLE = Automatic;
				CURRENT_PROJECT_VERSION = 1.4.4;
				DEVELOPMENT_TEAM = HK54HM2TC6;
				INFOPLIST_FILE = PinPhoto/Info.plist;
				IPHONEOS_DEPLOYMENT_TARGET = 13.0;
				LD_RUNPATH_SEARCH_PATHS = (
					"$(inherited)",
					"@executable_path/Frameworks",
				);
				MARKETING_VERSION = 1.4.4;
				PRODUCT_BUNDLE_IDENTIFIER = com.wonheo.PinPhoto;
				PRODUCT_NAME = PinPhoto;
				SWIFT_VERSION = 5.0;
				TARGETED_DEVICE_FAMILY = 1;
			};
			name = Release;
		};
/* End XCBuildConfiguration section */

/* Begin XCConfigurationList section */
		3CDBF2F325186DC100F84F66 /* Build configuration list for PBXNativeTarget "PinPhotoWidgetExtension" */ = {
			isa = XCConfigurationList;
			buildConfigurations = (
				3CDBF2F125186DC100F84F66 /* Debug */,
				3CDBF2F225186DC100F84F66 /* Release */,
			);
			defaultConfigurationIsVisible = 0;
			defaultConfigurationName = Release;
		};
		3CEB644924CEC742004D8C3C /* Build configuration list for PBXNativeTarget "PinPhotoExtension" */ = {
			isa = XCConfigurationList;
			buildConfigurations = (
				3CEB644724CEC742004D8C3C /* Debug */,
				3CEB644824CEC742004D8C3C /* Release */,
			);
			defaultConfigurationIsVisible = 0;
			defaultConfigurationName = Release;
		};
		3CF8B44224A9CBA300D6C11C /* Build configuration list for PBXProject "PinPhoto" */ = {
			isa = XCConfigurationList;
			buildConfigurations = (
				3CF8B45924A9CBA700D6C11C /* Debug */,
				3CF8B45A24A9CBA700D6C11C /* Release */,
			);
			defaultConfigurationIsVisible = 0;
			defaultConfigurationName = Release;
		};
		3CF8B45B24A9CBA700D6C11C /* Build configuration list for PBXNativeTarget "PinPhoto" */ = {
			isa = XCConfigurationList;
			buildConfigurations = (
				3CF8B45C24A9CBA700D6C11C /* Debug */,
				3CF8B45D24A9CBA700D6C11C /* Release */,
			);
			defaultConfigurationIsVisible = 0;
			defaultConfigurationName = Release;
		};
/* End XCConfigurationList section */

/* Begin XCVersionGroup section */
		3C3ACC8E24BB558B00311F7A /* Item.xcdatamodeld */ = {
			isa = XCVersionGroup;
			children = (
				3C3ACC8F24BB558B00311F7A /* Item.xcdatamodel */,
			);
			currentVersion = 3C3ACC8F24BB558B00311F7A /* Item.xcdatamodel */;
			path = Item.xcdatamodeld;
			sourceTree = "<group>";
			versionGroupType = wrapper.xcdatamodel;
		};
/* End XCVersionGroup section */
	};
	rootObject = 3CF8B43F24A9CBA300D6C11C /* Project object */;
}
