PODS:
  - Kingfisher (5.15.7):
    - Kingfisher/Core (= 5.15.7)
  - Kingfisher/Core (5.15.7)
  - lottie-ios (3.1.9)
  - PryntTrimmerView (4.0.2)
  - SteviaLayout (4.7.3)
  - YPImagePicker (4.4.0):
    - PryntTrimmerView (~> 4.0.2)
    - SteviaLayout (~> 4.7.3)

DEPENDENCIES:
  - Kingfisher (~> 5.0)
  - lottie-ios
  - YPImagePicker

SPEC REPOS:
  trunk:
    - Kingfisher
    - lottie-ios
    - PryntTrimmerView
    - SteviaLayout
    - YPImagePicker

SPEC CHECKSUMS:
  Kingfisher: 6e1a13523fcb1c86924ce53affe4ac957e544d59
  lottie-ios: 3a3758ef5a008e762faec9c9d50a39842f26d124
  PryntTrimmerView: 6a43cc90df5d99addeabd33d4ba09b1365322130
  SteviaLayout: c2ecdcff57d44e38fd2f65e54ad52aeae28ca0c4
  YPImagePicker: 15aed8bcaa4dad976e11b6114126d731a2f9f3c9

PODFILE CHECKSUM: 983615f675e2e13315dcb66cdc1132807fe4f3f1

COCOAPODS: 1.10.1
